# This file is generated by running "yarn install" inside your project.
# Manual changes might be lost - proceed with caution!

__metadata:
  version: 10
  cacheKey: 10c0

"@bull-board/api@npm:9.10.0":
  version: 9.10.0
  resolution: "@bull-board/api@npm:9.10.0"
  dependencies:
    redis-info: "npm:^3.1.0"
    valibot: "npm:^1.5.0"
  peerDependencies:
    "@bull-board/ui": 9.10.0
    bull: ^4.16.5
    bullmq: ^5.56.0 || ^6.0.0
  peerDependenciesMeta:
    bull:
      optional: true
    bullmq:
      optional: true
  checksum: 10c0/31c5272fa7ae189d30c35de128e845a8087f40534bb17bcaf393d78d88d871203ff11693a80a2fd2213d44a1396bc4500cb5c13b92946ebd1fa2b99be513040b
  languageName: node
  linkType: hard

"@bull-board/hapi@npm:^9.10.0":
  version: 9.10.0
  resolution: "@bull-board/hapi@npm:9.10.0"
  dependencies:
    "@bull-board/api": "npm:9.10.0"
    "@bull-board/ui": "npm:9.10.0"
    "@hapi/inert": "npm:^7.1.2"
    "@hapi/vision": "npm:^7.0.3"
    ejs: "npm:^6.0.1"
  checksum: 10c0/ea69aecf633f230ba91ac1dd7cd754de5866562ac08d26cd24e9c99e0a903968b8f4c20fd988fed624b631210e8d13518407873376143a2ff344af87b93c4d6c
  languageName: node
  linkType: hard

"@bull-board/ui@npm:9.10.0":
  version: 9.10.0
  resolution: "@bull-board/ui@npm:9.10.0"
  dependencies:
    "@bull-board/api": "npm:9.10.0"
  checksum: 10c0/07c24707cf2b3b4f16df76061e08c903c5b531efe12e60eca4785820ac27747a14d0c082712dd84faf698969ce5f05b9d1284b07b7d461f321dcce6c2d2a5c55
  languageName: node
  linkType: hard

"@hapi/accept@npm:^6.0.1":
  version: 6.0.3
  resolution: "@hapi/accept@npm:6.0.3"
  dependencies:
    "@hapi/boom": "npm:^10.0.1"
    "@hapi/hoek": "npm:^11.0.2"
  checksum: 10c0/6860dc50c337c6f4fcf8597c10e74ca4a481d3925075860110b641a0e670a036cdecccb49049745dc1c7ab219a1538ae56c40a38420c7f4aceef13cadd56cb1d
  languageName: node
  linkType: hard

"@hapi/ammo@npm:^6.0.1":
  version: 6.0.1
  resolution: "@hapi/ammo@npm:6.0.1"
  dependencies:
    "@hapi/hoek": "npm:^11.0.2"
  checksum: 10c0/95f2f2a52f97b0346354b89be1a1b79a393bcf0f461e3c09b34523714aca8bf5287f6b02efda63cd4a24152e22ec7e92f98f1b9cc18b2991c665fe40ceceba80
  languageName: node
  linkType: hard

"@hapi/b64@npm:^6.0.1":
  version: 6.0.1
  resolution: "@hapi/b64@npm:6.0.1"
  dependencies:
    "@hapi/hoek": "npm:^11.0.2"
  checksum: 10c0/d2eda488e98359c913dbe6a4374e57273fc1d1bf3d43175788b3379004a45ef86b9c34d94322c2c903cd538747faac08939a116347b753e067be3ce90a38a262
  languageName: node
  linkType: hard

"@hapi/boom@npm:^10.0.0, @hapi/boom@npm:^10.0.1":
  version: 10.0.1
  resolution: "@hapi/boom@npm:10.0.1"
  dependencies:
    "@hapi/hoek": "npm:^11.0.2"
  checksum: 10c0/e4ae8a69bb67c5687320d320a0706ac66e797a659c19fb1c9b909eaefe3b41780e4ecd4382de1297b10c33e9db81f79667324576b9153f57b0cf701293b908d0
  languageName: node
  linkType: hard

"@hapi/bounce@npm:^3.0.1":
  version: 3.0.1
  resolution: "@hapi/bounce@npm:3.0.1"
  dependencies:
    "@hapi/boom": "npm:^10.0.1"
    "@hapi/hoek": "npm:^11.0.2"
  checksum: 10c0/c0c1bd43adf04a5b952fd26d2248584a9b2a81bf012bb027260bf407977e88172982fac85d08be7c9ea76aa89b179785a00a7c7d7e8d530cfee2155607202627
  languageName: node
  linkType: hard

"@hapi/bourne@npm:^3.0.0":
  version: 3.0.0
  resolution: "@hapi/bourne@npm:3.0.0"
  checksum: 10c0/2e2df62f6bc6f32b980ba5bbdc09200c93c55c8306399ec0f2781da088a82aab699498c89fe94fec4acf770210f9aee28c75bfc2f04044849ac01b034134e717
  languageName: node
  linkType: hard

"@hapi/call@npm:^9.0.1":
  version: 9.0.1
  resolution: "@hapi/call@npm:9.0.1"
  dependencies:
    "@hapi/boom": "npm:^10.0.1"
    "@hapi/hoek": "npm:^11.0.2"
  checksum: 10c0/c08b1b639cdc92227e3296c664483e0a46631810d97c4fe081fded61c6262a109a71ced2cfbb43cc9e8440f1d9ab7d441bbead5f4330e5de71dc0183af9fd5a2
  languageName: node
  linkType: hard

"@hapi/catbox-memory@npm:^6.0.2":
  version: 6.0.2
  resolution: "@hapi/catbox-memory@npm:6.0.2"
  dependencies:
    "@hapi/boom": "npm:^10.0.1"
    "@hapi/hoek": "npm:^11.0.2"
  checksum: 10c0/7ab29849f88540908f8e0a3863fca72f81895ad55159f1259cd00051ed272da0ef638d1c26748369d630a453e7fae9f847570d8026fe8890d2243b975f3007ee
  languageName: node
  linkType: hard

"@hapi/catbox@npm:^12.1.1":
  version: 12.1.1
  resolution: "@hapi/catbox@npm:12.1.1"
  dependencies:
    "@hapi/boom": "npm:^10.0.1"
    "@hapi/hoek": "npm:^11.0.2"
    "@hapi/podium": "npm:^5.0.0"
    "@hapi/validate": "npm:^2.0.1"
  checksum: 10c0/290328458df736146fb718fe1ddd27f65f1fd0f99b60f1cc69a3c1c56bc6e0a04b1577b7ad4c5ed0fa1027c2028a3444c64e521e25fff598007727961c5fa774
  languageName: node
  linkType: hard

"@hapi/content@npm:^6.0.0":
  version: 6.0.2
  resolution: "@hapi/content@npm:6.0.2"
  dependencies:
    "@hapi/boom": "npm:^10.0.0"
  checksum: 10c0/64829e66d9a3dea512e273e96bf0d227b7d22db702b28eb2da1c16d98f8d8ebef6e2130f78b23d8f4e70d915892e84f3954eab2c0023b2be4b1dfef3fdcccb4f
  languageName: node
  linkType: hard

"@hapi/cryptiles@npm:^6.0.1":
  version: 6.0.1
  resolution: "@hapi/cryptiles@npm:6.0.1"
  dependencies:
    "@hapi/boom": "npm:^10.0.1"
  checksum: 10c0/2ca7c40a29cd5695ffd076558fbb57eb43708e473429105d85e766ecd9509d1292994e8147a51d38cb07b69c81c4293f3a7e1e9e5d8cc887d3414a24505c97df
  languageName: node
  linkType: hard

"@hapi/file@npm:^3.0.0":
  version: 3.0.0
  resolution: "@hapi/file@npm:3.0.0"
  checksum: 10c0/eb1a83a314daf58ca717effbc9179dc26f1541e8113392aa876518ab0fcde26d9227e0c719f4091c6d6e9313ec852d816ffc4f4ee94185cd331c77892d0506d2
  languageName: node
  linkType: hard

"@hapi/hapi@npm:^21.3.10":
  version: 21.3.10
  resolution: "@hapi/hapi@npm:21.3.10"
  dependencies:
    "@hapi/accept": "npm:^6.0.1"
    "@hapi/ammo": "npm:^6.0.1"
    "@hapi/boom": "npm:^10.0.1"
    "@hapi/bounce": "npm:^3.0.1"
    "@hapi/call": "npm:^9.0.1"
    "@hapi/catbox": "npm:^12.1.1"
    "@hapi/catbox-memory": "npm:^6.0.2"
    "@hapi/heavy": "npm:^8.0.1"
    "@hapi/hoek": "npm:^11.0.2"
    "@hapi/mimos": "npm:^7.0.1"
    "@hapi/podium": "npm:^5.0.1"
    "@hapi/shot": "npm:^6.0.1"
    "@hapi/somever": "npm:^4.1.1"
    "@hapi/statehood": "npm:^8.1.1"
    "@hapi/subtext": "npm:^8.1.0"
    "@hapi/teamwork": "npm:^6.0.0"
    "@hapi/topo": "npm:^6.0.1"
    "@hapi/validate": "npm:^2.0.1"
  checksum: 10c0/4b682562bcf1073004e74c95082d5bd95d3233bcd631ac85136fed6fef39682d8a6b785c03d8a665cc54db437370b388beaf0d81922dbcb37795ec18bfa7a766
  languageName: node
  linkType: hard

"@hapi/heavy@npm:^8.0.1":
  version: 8.0.1
  resolution: "@hapi/heavy@npm:8.0.1"
  dependencies:
    "@hapi/boom": "npm:^10.0.1"
    "@hapi/hoek": "npm:^11.0.2"
    "@hapi/validate": "npm:^2.0.1"
  checksum: 10c0/da7afd4f785ae19dfa851d569e9d97eedc013de187f294b7578ec7d6a95ebc34e385ecc0e4579babf59f0ebf334d9768eb07429eeab6061f0c900a52f2b1ebe7
  languageName: node
  linkType: hard

"@hapi/hoek@npm:^11.0.2":
  version: 11.0.4
  resolution: "@hapi/hoek@npm:11.0.4"
  checksum: 10c0/3c0e487824daaf3af4c29e46fd57b0c5801ce9164fef2417c70e271cd970e13cc542b196f70ba1cfc9ef944eed825fcac261085ab5e2928c6017428bf576b363
  languageName: node
  linkType: hard

"@hapi/inert@npm:^7.1.2":
  version: 7.1.2
  resolution: "@hapi/inert@npm:7.1.2"
  dependencies:
    "@hapi/ammo": "npm:^6.0.1"
    "@hapi/boom": "npm:^10.0.1"
    "@hapi/bounce": "npm:^3.0.1"
    "@hapi/hoek": "npm:^11.0.2"
    "@hapi/validate": "npm:^2.0.1"
    lru-cache: "npm:^7.14.1"
  checksum: 10c0/eba71e8c0239600954dcd66cd6f4631c8453cf138f33db0130e749fe3f51155d7751f0f2f727781997db457edd1dc9fa6a8c6b259a34914ac62c76f7ca771b32
  languageName: node
  linkType: hard

"@hapi/iron@npm:^7.0.1":
  version: 7.0.1
  resolution: "@hapi/iron@npm:7.0.1"
  dependencies:
    "@hapi/b64": "npm:^6.0.1"
    "@hapi/boom": "npm:^10.0.1"
    "@hapi/bourne": "npm:^3.0.0"
    "@hapi/cryptiles": "npm:^6.0.1"
    "@hapi/hoek": "npm:^11.0.2"
  checksum: 10c0/a0acfd7964bed462d3622bb9ab2456b716635dc7910a9edf01ea84ecf2110c52ec8bee3bc6f5dfbc8efb10b1e87fd127c7b34be8cb7558d97e9e23f955dac638
  languageName: node
  linkType: hard

"@hapi/mimos@npm:^7.0.1":
  version: 7.0.1
  resolution: "@hapi/mimos@npm:7.0.1"
  dependencies:
    "@hapi/hoek": "npm:^11.0.2"
    mime-db: "npm:^1.52.0"
  checksum: 10c0/e423b359083237de77b79c5f0ff73df5e70913a6707311f7bdeb8e744a224e4ed6d5a0ea74cb3ba29544017761b986c647fb73b2fc7c588df7269cefaf343eee
  languageName: node
  linkType: hard

"@hapi/nigel@npm:^5.0.1":
  version: 5.0.1
  resolution: "@hapi/nigel@npm:5.0.1"
  dependencies:
    "@hapi/hoek": "npm:^11.0.2"
    "@hapi/vise": "npm:^5.0.1"
  checksum: 10c0/dcb9c0afa0117948ac52d0cf2e7494e2773c09272001df7ace83f18c202c1972ae392a3723ec900109465dc3cf769ae77ca85ba083d5a44cb9f5696d40953b0a
  languageName: node
  linkType: hard

"@hapi/pez@npm:^6.1.0":
  version: 6.1.0
  resolution: "@hapi/pez@npm:6.1.0"
  dependencies:
    "@hapi/b64": "npm:^6.0.1"
    "@hapi/boom": "npm:^10.0.1"
    "@hapi/content": "npm:^6.0.0"
    "@hapi/hoek": "npm:^11.0.2"
    "@hapi/nigel": "npm:^5.0.1"
  checksum: 10c0/fc9c3ffd961f7a23f0675acf077ad8f3d489a700e781199608ad06d335668f8ed9c2f409b694b795ebf351be423f4e2d46ab881657c7ed80fabd2bfeb4921509
  languageName: node
  linkType: hard

"@hapi/podium@npm:^5.0.0, @hapi/podium@npm:^5.0.1":
  version: 5.0.1
  resolution: "@hapi/podium@npm:5.0.1"
  dependencies:
    "@hapi/hoek": "npm:^11.0.2"
    "@hapi/teamwork": "npm:^6.0.0"
    "@hapi/validate": "npm:^2.0.1"
  checksum: 10c0/5dd4f5dee5434dd347a996fb575f060a87b9093511ce4b8d65c693173c707b7107f7cff6fa6147e00795aa88f58bd4ae9234082149d7898eba4666e4ecc6d3f4
  languageName: node
  linkType: hard

"@hapi/shot@npm:^6.0.1":
  version: 6.0.1
  resolution: "@hapi/shot@npm:6.0.1"
  dependencies:
    "@hapi/hoek": "npm:^11.0.2"
    "@hapi/validate": "npm:^2.0.1"
  checksum: 10c0/5d4e51c41b137dd5b94fd6e84b2501d6ab4f292ef2c38647410ac31852454ca1a1dc39339b60f790a4a01b35c38d42a6f617b6849a89d9154451147cedaa09c8
  languageName: node
  linkType: hard

"@hapi/somever@npm:^4.1.1":
  version: 4.1.1
  resolution: "@hapi/somever@npm:4.1.1"
  dependencies:
    "@hapi/bounce": "npm:^3.0.1"
    "@hapi/hoek": "npm:^11.0.2"
  checksum: 10c0/af86789d6302a615db0d44a7cd8baa409a688f3a26f7a5c871e6e75a36cae4cc80de8e28be00e34af2853799f4e5991ee29accf52719923fc55f80491d41a067
  languageName: node
  linkType: hard

"@hapi/statehood@npm:^8.1.1":
  version: 8.1.1
  resolution: "@hapi/statehood@npm:8.1.1"
  dependencies:
    "@hapi/boom": "npm:^10.0.1"
    "@hapi/bounce": "npm:^3.0.1"
    "@hapi/bourne": "npm:^3.0.0"
    "@hapi/cryptiles": "npm:^6.0.1"
    "@hapi/hoek": "npm:^11.0.2"
    "@hapi/iron": "npm:^7.0.1"
    "@hapi/validate": "npm:^2.0.1"
  checksum: 10c0/d0586a6cbc7048a618014fbdf4399a9aa2d091637d6222961859e40fa3193e41dd577177ec35a9db0f21a84d58a632b69ef490ecdfc57bce5d09f13b422a1c11
  languageName: node
  linkType: hard

"@hapi/subtext@npm:^8.1.0":
  version: 8.1.0
  resolution: "@hapi/subtext@npm:8.1.0"
  dependencies:
    "@hapi/boom": "npm:^10.0.1"
    "@hapi/bourne": "npm:^3.0.0"
    "@hapi/content": "npm:^6.0.0"
    "@hapi/file": "npm:^3.0.0"
    "@hapi/hoek": "npm:^11.0.2"
    "@hapi/pez": "npm:^6.1.0"
    "@hapi/wreck": "npm:^18.0.1"
  checksum: 10c0/ee86d07bcea5c9321d050a497eac015e032a1debf34bb61dd1dcb5dedaa9eef6eef2d39ad8140765079ba41f97720802275eaf8cd1f517da848d38f0950b609e
  languageName: node
  linkType: hard

"@hapi/teamwork@npm:^6.0.0":
  version: 6.0.0
  resolution: "@hapi/teamwork@npm:6.0.0"
  checksum: 10c0/1939071025708e0b4f3868b33f6fc43911741f9675a908ccba84d6a6a5f830f961d709f44b64b4625209c16d79bd5e28b287096d98bd5d00fecac1775262f867
  languageName: node
  linkType: hard

"@hapi/topo@npm:^6.0.1":
  version: 6.0.2
  resolution: "@hapi/topo@npm:6.0.2"
  dependencies:
    "@hapi/hoek": "npm:^11.0.2"
  checksum: 10c0/5a0079805e9a542bdb852912ce6ed3221ddd0a58569354b3900e165faabe50fb1d2d488067db97c494194835684b055828b6267be3064ac42cf2ce28db02edfc
  languageName: node
  linkType: hard

"@hapi/validate@npm:^2.0.1":
  version: 2.0.1
  resolution: "@hapi/validate@npm:2.0.1"
  dependencies:
    "@hapi/hoek": "npm:^11.0.2"
    "@hapi/topo": "npm:^6.0.1"
  checksum: 10c0/2f433c1849befaec50bce67fdb0a27a1aea2a3ce2a016273ba577ef4ee59c5bfc3eb115edce670a23a4a14003a301c0386c5fc82070582a9890bb423276f6cbb
  languageName: node
  linkType: hard

"@hapi/vise@npm:^5.0.1":
  version: 5.0.1
  resolution: "@hapi/vise@npm:5.0.1"
  dependencies:
    "@hapi/hoek": "npm:^11.0.2"
  checksum: 10c0/16bc81caa7f433e29c98503d77b8df37e47022a500b5a2871e3483f18b0e5d6bc6cd6616de88cab0e14f07a7ba94504c8603c7ff8e664c3e245b5b53c0543052
  languageName: node
  linkType: hard

"@hapi/vision@npm:^7.0.3":
  version: 7.0.3
  resolution: "@hapi/vision@npm:7.0.3"
  dependencies:
    "@hapi/boom": "npm:^10.0.1"
    "@hapi/bounce": "npm:^3.0.1"
    "@hapi/hoek": "npm:^11.0.2"
    "@hapi/validate": "npm:^2.0.1"
  checksum: 10c0/06f324cd24bc7bb006405c452779869acb175e676802e6aa91977ce83d7f043728397da9aa9179198a4cce0e1a0a8535748ef994110b45fe0cf6d0738f249987
  languageName: node
  linkType: hard

"@hapi/wreck@npm:^18.0.1":
  version: 18.1.2
  resolution: "@hapi/wreck@npm:18.1.2"
  dependencies:
    "@hapi/boom": "npm:^10.0.1"
    "@hapi/bourne": "npm:^3.0.0"
    "@hapi/hoek": "npm:^11.0.2"
  checksum: 10c0/6e2bbfb7f424f16c1182a29ac771d4428409c6e6370deb0a6505ba7897b3ba104c9772a1cde669894c3c4508ede9d7cbb2be4cd66e955440ba102109d89a5ea5
  languageName: node
  linkType: hard

"@ioredis/commands@npm:1.10.0":
  version: 1.10.0
  resolution: "@ioredis/commands@npm:1.10.0"
  checksum: 10c0/baf91e62d0e64ef2b5f7ca4413dc2456fe250e87483beac4a1c8ef1fe5ad0d2fcdeb9b89d4556d8ef6c7455c64a964359d729601fdb06b2f4c76c35dd59afa99
  languageName: node
  linkType: hard

"@isaacs/fs-minipass@npm:^4.0.0":
  version: 4.0.1
  resolution: "@isaacs/fs-minipass@npm:4.0.1"
  dependencies:
    minipass: "npm:^7.0.4"
  checksum: 10c0/c25b6dc1598790d5b55c0947a9b7d111cfa92594db5296c3b907e2f533c033666f692a3939eadac17b1c7c40d362d0b0635dc874cbfe3e70db7c2b07cc97a5d2
  languageName: node
  linkType: hard

"@msgpackr-extract/msgpackr-extract-darwin-arm64@npm:3.0.4":
  version: 3.0.4
  resolution: "@msgpackr-extract/msgpackr-extract-darwin-arm64@npm:3.0.4"
  conditions: os=darwin & cpu=arm64
  languageName: node
  linkType: hard

"@msgpackr-extract/msgpackr-extract-darwin-x64@npm:3.0.4":
  version: 3.0.4
  resolution: "@msgpackr-extract/msgpackr-extract-darwin-x64@npm:3.0.4"
  conditions: os=darwin & cpu=x64
  languageName: node
  linkType: hard

"@msgpackr-extract/msgpackr-extract-linux-arm64@npm:3.0.4":
  version: 3.0.4
  resolution: "@msgpackr-extract/msgpackr-extract-linux-arm64@npm:3.0.4"
  conditions: os=linux & cpu=arm64
  languageName: node
  linkType: hard

"@msgpackr-extract/msgpackr-extract-linux-arm@npm:3.0.4":
  version: 3.0.4
  resolution: "@msgpackr-extract/msgpackr-extract-linux-arm@npm:3.0.4"
  conditions: os=linux & cpu=arm
  languageName: node
  linkType: hard

"@msgpackr-extract/msgpackr-extract-linux-x64@npm:3.0.4":
  version: 3.0.4
  resolution: "@msgpackr-extract/msgpackr-extract-linux-x64@npm:3.0.4"
  conditions: os=linux & cpu=x64
  languageName: node
  linkType: hard

"@msgpackr-extract/msgpackr-extract-win32-x64@npm:3.0.4":
  version: 3.0.4
  resolution: "@msgpackr-extract/msgpackr-extract-win32-x64@npm:3.0.4"
  conditions: os=win32 & cpu=x64
  languageName: node
  linkType: hard

"abbrev@npm:^5.0.0":
  version: 5.0.0
  resolution: "abbrev@npm:5.0.0"
  checksum: 10c0/8e88f5c798ea4562d28c5a3e9ad69e3879890bc5d695d8f2dffb8609be4c890aacc8f80ef4553fdd2c6a62d70c2ce8bc57b38074e383beb7487bdafa9ed42ea5
  languageName: node
  linkType: hard

"bull-board-with-hapi@workspace:.":
  version: 0.0.0-use.local
  resolution: "bull-board-with-hapi@workspace:."
  dependencies:
    "@bull-board/hapi": "npm:^9.10.0"
    "@hapi/hapi": "npm:^21.3.10"
    bullmq: "npm:^5.81.3"
  languageName: unknown
  linkType: soft

"bullmq@npm:^5.81.3":
  version: 5.81.4
  resolution: "bullmq@npm:5.81.4"
  dependencies:
    cron-parser: "npm:4.9.0"
    ioredis: "npm:5.11.1"
    msgpackr: "npm:2.0.5"
    node-abort-controller: "npm:3.1.1"
    semver: "npm:7.8.5"
    tslib: "npm:2.8.1"
  peerDependencies:
    redis: ">=5.0.0"
  peerDependenciesMeta:
    redis:
      optional: true
  checksum: 10c0/c10a276316bd50130b44c490aa73ca416c8aa5417c2ef8d49a1dba71c1bf8bfdb80a80f8c34a335c8477228b3b9e35d73b4572977590f5e83c2d26eb389b1385
  languageName: node
  linkType: hard

"chownr@npm:^3.0.0":
  version: 3.0.0
  resolution: "chownr@npm:3.0.0"
  checksum: 10c0/43925b87700f7e3893296c8e9c56cc58f926411cce3a6e5898136daaf08f08b9a8eb76d37d3267e707d0dcc17aed2e2ebdf5848c0c3ce95cf910a919935c1b10
  languageName: node
  linkType: hard

"cluster-key-slot@npm:1.1.1":
  version: 1.1.1
  resolution: "cluster-key-slot@npm:1.1.1"
  checksum: 10c0/079b1ae86b20e2d53308a877b08de5e830722a45c07810569d0dab4955bed569da33ac9f79998289d014adf02cca7223a0647cb0ee6548a12ab3c4f9beac1377
  languageName: node
  linkType: hard

"cron-parser@npm:4.9.0":
  version: 4.9.0
  resolution: "cron-parser@npm:4.9.0"
  dependencies:
    luxon: "npm:^3.2.1"
  checksum: 10c0/348622bdcd1a15695b61fc33af8a60133e5913a85cf99f6344367579e7002896514ba3b0a9d6bb569b02667d6b06836722bf2295fcd101b3de378f71d37bed0b
  languageName: node
  linkType: hard

"debug@npm:4.4.3":
  version: 4.4.3
  resolution: "debug@npm:4.4.3"
  dependencies:
    ms: "npm:^2.1.3"
  peerDependenciesMeta:
    supports-color:
      optional: true
  checksum: 10c0/d79136ec6c83ecbefd0f6a5593da6a9c91ec4d7ddc4b54c883d6e71ec9accb5f67a1a5e96d00a328196b5b5c86d365e98d8a3a70856aaf16b4e7b1985e67f5a6
  languageName: node
  linkType: hard

"denque@npm:2.1.0":
  version: 2.1.0
  resolution: "denque@npm:2.1.0"
  checksum: 10c0/f9ef81aa0af9c6c614a727cb3bd13c5d7db2af1abf9e6352045b86e85873e629690f6222f4edd49d10e4ccf8f078bbeec0794fafaf61b659c0589d0c511ec363
  languageName: node
  linkType: hard

"detect-libc@npm:^2.0.1":
  version: 2.1.2
  resolution: "detect-libc@npm:2.1.2"
  checksum: 10c0/acc675c29a5649fa1fb6e255f993b8ee829e510b6b56b0910666949c80c364738833417d0edb5f90e4e46be17228b0f2b66a010513984e18b15deeeac49369c4
  languageName: node
  linkType: hard

"ejs@npm:^6.0.1":
  version: 6.0.1
  resolution: "ejs@npm:6.0.1"
  bin:
    ejs: bin/cli.js
  checksum: 10c0/475665efdab9deb01448a0b136129d138483228520138b2fba7991330255e4e1050eae145124c26101ff1ab158bf5f506f19a8dae5996054fc7e76bb94a12ebd
  languageName: node
  linkType: hard

"env-paths@npm:^2.2.0":
  version: 2.2.1
  resolution: "env-paths@npm:2.2.1"
  checksum: 10c0/285325677bf00e30845e330eec32894f5105529db97496ee3f598478e50f008c5352a41a30e5e72ec9de8a542b5a570b85699cd63bd2bc646dbcb9f311d83bc4
  languageName: node
  linkType: hard

"exponential-backoff@npm:^3.1.1":
  version: 3.1.3
  resolution: "exponential-backoff@npm:3.1.3"
  checksum: 10c0/77e3ae682b7b1f4972f563c6dbcd2b0d54ac679e62d5d32f3e5085feba20483cf28bd505543f520e287a56d4d55a28d7874299941faf637e779a1aa5994d1267
  languageName: node
  linkType: hard

"fdir@npm:^6.5.0":
  version: 6.5.0
  resolution: "fdir@npm:6.5.0"
  peerDependencies:
    picomatch: ^3 || ^4
  peerDependenciesMeta:
    picomatch:
      optional: true
  checksum: 10c0/e345083c4306b3aed6cb8ec551e26c36bab5c511e99ea4576a16750ddc8d3240e63826cc624f5ae17ad4dc82e68a253213b60d556c11bfad064b7607847ed07f
  languageName: node
  linkType: hard

"graceful-fs@npm:^4.2.6":
  version: 4.2.11
  resolution: "graceful-fs@npm:4.2.11"
  checksum: 10c0/386d011a553e02bc594ac2ca0bd6d9e4c22d7fa8cfbfc448a6d148c59ea881b092db9dbe3547ae4b88e55f1b01f7c4a2ecc53b310c042793e63aa44cf6c257f2
  languageName: node
  linkType: hard

"ioredis@npm:5.11.1":
  version: 5.11.1
  resolution: "ioredis@npm:5.11.1"
  dependencies:
    "@ioredis/commands": "npm:1.10.0"
    cluster-key-slot: "npm:1.1.1"
    debug: "npm:4.4.3"
    denque: "npm:2.1.0"
    redis-errors: "npm:1.2.0"
    redis-parser: "npm:3.0.0"
    standard-as-callback: "npm:2.1.0"
  checksum: 10c0/a8b27043cf2c045dfc93f40a32ce24cf9f8b57799a37f4234c4b925c365ccf131629590f94a512f546fda2ba8ed034009c94c4933ecd44c50bc166636d929fd6
  languageName: node
  linkType: hard

"isexe@npm:^4.0.0":
  version: 4.0.0
  resolution: "isexe@npm:4.0.0"
  checksum: 10c0/5884815115bceac452877659a9c7726382531592f43dc29e5d48b7c4100661aed54018cb90bd36cb2eaeba521092570769167acbb95c18d39afdccbcca06c5ce
  languageName: node
  linkType: hard

"lodash@npm:^4.17.11":
  version: 4.18.1
  resolution: "lodash@npm:4.18.1"
  checksum: 10c0/757228fc68805c59789e82185135cf85f05d0b2d3d54631d680ca79ec21944ec8314d4533639a14b8bcfbd97a517e78960933041a5af17ecb693ec6eecb99a27
  languageName: node
  linkType: hard

"lru-cache@npm:^7.14.1":
  version: 7.18.3
  resolution: "lru-cache@npm:7.18.3"
  checksum: 10c0/b3a452b491433db885beed95041eb104c157ef7794b9c9b4d647be503be91769d11206bb573849a16b4cc0d03cbd15ffd22df7960997788b74c1d399ac7a4fed
  languageName: node
  linkType: hard

"luxon@npm:^3.2.1":
  version: 3.3.0
  resolution: "luxon@npm:3.3.0"
  checksum: 10c0/47f8e1e96b25441c799b8aa833b3f007fb1854713bcffc8c3384eda8e61fc9af1f038474d137274d2d386492f341c8a8c992fc78c213adfb3143780feba2776c
  languageName: node
  linkType: hard

"mime-db@npm:^1.52.0":
  version: 1.53.0
  resolution: "mime-db@npm:1.53.0"
  checksum: 10c0/1dcc37ba8ed5d1c179f5c6f0837e8db19371d5f2ea3690c3c2f3fa8c3858f976851d3460b172b4dee78ebd606762cbb407aa398545fbacd539e519f858cd7bf4
  languageName: node
  linkType: hard

"minipass@npm:^7.0.4, minipass@npm:^7.1.2":
  version: 7.1.3
  resolution: "minipass@npm:7.1.3"
  checksum: 10c0/539da88daca16533211ea5a9ee98dc62ff5742f531f54640dd34429e621955e91cc280a91a776026264b7f9f6735947629f920944e9c1558369e8bf22eb33fbb
  languageName: node
  linkType: hard

"minizlib@npm:^3.1.0":
  version: 3.1.0
  resolution: "minizlib@npm:3.1.0"
  dependencies:
    minipass: "npm:^7.1.2"
  checksum: 10c0/5aad75ab0090b8266069c9aabe582c021ae53eb33c6c691054a13a45db3b4f91a7fb1bd79151e6b4e9e9a86727b522527c0a06ec7d45206b745d54cd3097bcec
  languageName: node
  linkType: hard

"ms@npm:^2.1.3":
  version: 2.1.3
  resolution: "ms@npm:2.1.3"
  checksum: 10c0/d924b57e7312b3b63ad21fc5b3dc0af5e78d61a1fc7cfb5457edaf26326bf62be5307cc87ffb6862ef1c2b33b0233cdb5d4f01c4c958cc0d660948b65a287a48
  languageName: node
  linkType: hard

"msgpackr-extract@npm:^3.0.4":
  version: 3.0.4
  resolution: "msgpackr-extract@npm:3.0.4"
  dependencies:
    "@msgpackr-extract/msgpackr-extract-darwin-arm64": "npm:3.0.4"
    "@msgpackr-extract/msgpackr-extract-darwin-x64": "npm:3.0.4"
    "@msgpackr-extract/msgpackr-extract-linux-arm": "npm:3.0.4"
    "@msgpackr-extract/msgpackr-extract-linux-arm64": "npm:3.0.4"
    "@msgpackr-extract/msgpackr-extract-linux-x64": "npm:3.0.4"
    "@msgpackr-extract/msgpackr-extract-win32-x64": "npm:3.0.4"
    node-gyp: "npm:latest"
    node-gyp-build-optional-packages: "npm:5.2.2"
  dependenciesMeta:
    "@msgpackr-extract/msgpackr-extract-darwin-arm64":
      optional: true
    "@msgpackr-extract/msgpackr-extract-darwin-x64":
      optional: true
    "@msgpackr-extract/msgpackr-extract-linux-arm":
      optional: true
    "@msgpackr-extract/msgpackr-extract-linux-arm64":
      optional: true
    "@msgpackr-extract/msgpackr-extract-linux-x64":
      optional: true
    "@msgpackr-extract/msgpackr-extract-win32-x64":
      optional: true
  bin:
    download-msgpackr-prebuilds: bin/download-prebuilds.js
  checksum: 10c0/582a9d17abbf3019e600e948736695056280ce401fd0235ee2474e95f9952208b9f6cce4d0e355b03b7d3c5630e6c3d11fe5fc27fdedb2311cce48de464338d8
  languageName: node
  linkType: hard

"msgpackr@npm:2.0.5":
  version: 2.0.5
  resolution: "msgpackr@npm:2.0.5"
  dependencies:
    msgpackr-extract: "npm:^3.0.4"
  dependenciesMeta:
    msgpackr-extract:
      optional: true
  checksum: 10c0/7ac9820cecd44d24d2ef07994405a277509f004d4fb0a77d04e10e9071d0599e86ad53a9daf673e801518230774bdaca72b1fdcff2b516584ab58bd19362e6ad
  languageName: node
  linkType: hard

"node-abort-controller@npm:3.1.1":
  version: 3.1.1
  resolution: "node-abort-controller@npm:3.1.1"
  checksum: 10c0/f7ad0e7a8e33809d4f3a0d1d65036a711c39e9d23e0319d80ebe076b9a3b4432b4d6b86a7fab65521de3f6872ffed36fc35d1327487c48eb88c517803403eda3
  languageName: node
  linkType: hard

"node-gyp-build-optional-packages@npm:5.2.2":
  version: 5.2.2
  resolution: "node-gyp-build-optional-packages@npm:5.2.2"
  dependencies:
    detect-libc: "npm:^2.0.1"
  bin:
    node-gyp-build-optional-packages: bin.js
    node-gyp-build-optional-packages-optional: optional.js
    node-gyp-build-optional-packages-test: build-test.js
  checksum: 10c0/c81128c6f91873381be178c5eddcbdf66a148a6a89a427ce2bcd457593ce69baf2a8662b6d22cac092d24aa9c43c230dec4e69b3a0da604503f4777cd77e282b
  languageName: node
  linkType: hard

"node-gyp@npm:latest":
  version: 13.0.2
  resolution: "node-gyp@npm:13.0.2"
  dependencies:
    env-paths: "npm:^2.2.0"
    exponential-backoff: "npm:^3.1.1"
    graceful-fs: "npm:^4.2.6"
    nopt: "npm:^10.0.0"
    proc-log: "npm:^7.0.0"
    semver: "npm:^7.3.5"
    tar: "npm:^7.5.4"
    tinyglobby: "npm:^0.2.12"
    undici: "npm:^8.4.1"
    which: "npm:^7.0.0"
  bin:
    node-gyp: bin/node-gyp.js
  checksum: 10c0/29d33ccf47ffeeb5e7af925550b416f698a26a72eb10975c7eb5775c1d0cecacd76d164a4aa45503d3ddcece209db65c712be00423c69381a4cd14e2e6540559
  languageName: node
  linkType: hard

"nopt@npm:^10.0.0":
  version: 10.0.1
  resolution: "nopt@npm:10.0.1"
  dependencies:
    abbrev: "npm:^5.0.0"
  bin:
    nopt: bin/nopt.js
  checksum: 10c0/980d89257f9587f3e1f77877ddbf905d6aa3b738ec33e49a4fa1a059a0dd82eb28063982b150654a7ae9de386f2ead60e56172db7d37cf56de545f7392a2a26a
  languageName: node
  linkType: hard

"picomatch@npm:^4.0.4":
  version: 4.0.7
  resolution: "picomatch@npm:4.0.7"
  checksum: 10c0/beb6ae02c43ae44e84883b90830196d9046b1726ead292adcf7f57945e0bb0d992d68563d87e03b484b6f3c9a5c6defda7523477f047d7f0e663f126cc01787f
  languageName: node
  linkType: hard

"proc-log@npm:^7.0.0":
  version: 7.0.0
  resolution: "proc-log@npm:7.0.0"
  checksum: 10c0/b89c2d862604f35fec795477b0c7e376feab3ba0d4f4d291c4e959567442697cf451ac557d0623c1cc38af45a78128b983410f397a10c5d3a67f76c33de4754b
  languageName: node
  linkType: hard

"redis-errors@npm:1.2.0, redis-errors@npm:^1.0.0":
  version: 1.2.0
  resolution: "redis-errors@npm:1.2.0"
  checksum: 10c0/5b316736e9f532d91a35bff631335137a4f974927bb2fb42bf8c2f18879173a211787db8ac4c3fde8f75ed6233eb0888e55d52510b5620e30d69d7d719c8b8a7
  languageName: node
  linkType: hard

"redis-info@npm:^3.1.0":
  version: 3.1.0
  resolution: "redis-info@npm:3.1.0"
  dependencies:
    lodash: "npm:^4.17.11"
  checksum: 10c0/ec0f31d97893c5828cec7166486d74198c92160c60073b6f2fe805cdf575a10ddcccc7641737d44b8f451355f0ab5b6c7b0d79e8fc24742b75dd625f91ffee38
  languageName: node
  linkType: hard

"redis-parser@npm:3.0.0":
  version: 3.0.0
  resolution: "redis-parser@npm:3.0.0"
  dependencies:
    redis-errors: "npm:^1.0.0"
  checksum: 10c0/ee16ac4c7b2a60b1f42a2cdaee22b005bd4453eb2d0588b8a4939718997ae269da717434da5d570fe0b05030466eeb3f902a58cf2e8e1ca058bf6c9c596f632f
  languageName: node
  linkType: hard

"semver@npm:7.8.5, semver@npm:^7.3.5":
  version: 7.8.5
  resolution: "semver@npm:7.8.5"
  bin:
    semver: bin/semver.js
  checksum: 10c0/b1f3127a5be8125a94f37188b361c212466c292c6910adce3ec106cff5dc211ccaedc4739c11bb70fda59d6fc1f040a9bca289f4e093451521a2372e5231fe0c
  languageName: node
  linkType: hard

"standard-as-callback@npm:2.1.0":
  version: 2.1.0
  resolution: "standard-as-callback@npm:2.1.0"
  checksum: 10c0/012677236e3d3fdc5689d29e64ea8a599331c4babe86956bf92fc5e127d53f85411c5536ee0079c52c43beb0026b5ce7aa1d834dd35dd026e82a15d1bcaead1f
  languageName: node
  linkType: hard

"tar@npm:^7.5.4":
  version: 7.5.22
  resolution: "tar@npm:7.5.22"
  dependencies:
    "@isaacs/fs-minipass": "npm:^4.0.0"
    chownr: "npm:^3.0.0"
    minipass: "npm:^7.1.2"
    minizlib: "npm:^3.1.0"
    yallist: "npm:^5.0.0"
  checksum: 10c0/1311f6be85a8157ac4c9147bae43e13923d2a1aae15e4aa1bd5239e4e03d2cf53cfe103dde7f35832fbb4c938b042856bc8e9a0afd29abd05e2d1608788c4fea
  languageName: node
  linkType: hard

"tinyglobby@npm:^0.2.12":
  version: 0.2.17
  resolution: "tinyglobby@npm:0.2.17"
  dependencies:
    fdir: "npm:^6.5.0"
    picomatch: "npm:^4.0.4"
  checksum: 10c0/7f7bb0f197c88bc4b20c231e0deca4240ca3bf313a88f5a7fee93a872b84966a4d50220947c0455ad07a60b3b360961c5b7fd979222aeb716a9f99b412002e4c
  languageName: node
  linkType: hard

"tslib@npm:2.8.1":
  version: 2.8.1
  resolution: "tslib@npm:2.8.1"
  checksum: 10c0/9c4759110a19c53f992d9aae23aac5ced636e99887b51b9e61def52611732872ff7668757d4e4c61f19691e36f4da981cd9485e869b4a7408d689f6bf1f14e62
  languageName: node
  linkType: hard

"undici@npm:^8.4.1":
  version: 8.10.2
  resolution: "undici@npm:8.10.2"
  checksum: 10c0/66d7fc69149207cab570d6abbc9e965b6afe1ae889a7d46945b431165c973d6a56f3dd8b70a856e7ae1e550b6366a1cde6f06e68640587f0dadca38de72995ee
  languageName: node
  linkType: hard

"valibot@npm:^1.5.0":
  version: 1.5.0
  resolution: "valibot@npm:1.5.0"
  peerDependencies:
    typescript: ">=5"
  peerDependenciesMeta:
    typescript:
      optional: true
  checksum: 10c0/d49dab2b2fcbb477c894def73466de598b602859a47ab92b26d387c4d2a472cbfd4ef57b49eea91aeeff143c38f5a9523914dc5a73469ec93c7cfd4326eb5fbf
  languageName: node
  linkType: hard

"which@npm:^7.0.0":
  version: 7.0.0
  resolution: "which@npm:7.0.0"
  dependencies:
    isexe: "npm:^4.0.0"
  bin:
    node-which: bin/which.js
  checksum: 10c0/ca0b54f198f78bbc4b7c02e34bda8d335cb352e0adb4cbca1c37b1a957af3a879a82c4c27ca6525bc942f548d8b64f816ef6528360af9f3de55ffb9b979b620d
  languageName: node
  linkType: hard

"yallist@npm:^5.0.0":
  version: 5.0.0
  resolution: "yallist@npm:5.0.0"
  checksum: 10c0/a499c81ce6d4a1d260d4ea0f6d49ab4da09681e32c3f0472dee16667ed69d01dae63a3b81745a24bd78476ec4fcf856114cb4896ace738e01da34b2c42235416
  languageName: node
  linkType: hard
