# This file is generated by running "yarn install" inside your project.
# Manual changes might be lost - proceed with caution!

__metadata:
  version: 10
  cacheKey: 10c0

"@bull-board/api@npm:8.1.2":
  version: 8.1.2
  resolution: "@bull-board/api@npm:8.1.2"
  dependencies:
    redis-info: "npm:^3.1.0"
  peerDependencies:
    "@bull-board/ui": 8.1.2
  checksum: 10c0/10b445e4cf0e999228856911c1313e2b5035d678326f8b5f500d29a56468f774c4ac850aa564a14516ff677698cf8d989d4ff9e4fa7b0712a5ad4cfcf7799185
  languageName: node
  linkType: hard

"@bull-board/express@npm:^8.1.2":
  version: 8.1.2
  resolution: "@bull-board/express@npm:8.1.2"
  dependencies:
    "@bull-board/api": "npm:8.1.2"
    "@bull-board/ui": "npm:8.1.2"
    ejs: "npm:^6.0.1"
    express: "npm:^5.2.1"
  checksum: 10c0/63ee2be2a4a69dcc8a3764ad1fdbbb0cc1e13268b43232a99da285511b7c3ab53206a27b4c3216d1e3748242c39782c1e2523d50993aa833b74afd9011e4281a
  languageName: node
  linkType: hard

"@bull-board/ui@npm:8.1.2":
  version: 8.1.2
  resolution: "@bull-board/ui@npm:8.1.2"
  dependencies:
    "@bull-board/api": "npm:8.1.2"
  checksum: 10c0/538135d6f2558a5effc123d44260af1e62c85d3f3c8c4c183f06e30c05385f8a03dfef6cf94ee997495f263bc21691570b7d197210fc0920d2528451372fc5db
  languageName: node
  linkType: hard

"@ioredis/commands@npm:1.10.0":
  version: 1.10.0
  resolution: "@ioredis/commands@npm:1.10.0"
  checksum: 10c0/baf91e62d0e64ef2b5f7ca4413dc2456fe250e87483beac4a1c8ef1fe5ad0d2fcdeb9b89d4556d8ef6c7455c64a964359d729601fdb06b2f4c76c35dd59afa99
  languageName: node
  linkType: hard

"@isaacs/fs-minipass@npm:^4.0.0":
  version: 4.0.1
  resolution: "@isaacs/fs-minipass@npm:4.0.1"
  dependencies:
    minipass: "npm:^7.0.4"
  checksum: 10c0/c25b6dc1598790d5b55c0947a9b7d111cfa92594db5296c3b907e2f533c033666f692a3939eadac17b1c7c40d362d0b0635dc874cbfe3e70db7c2b07cc97a5d2
  languageName: node
  linkType: hard

"@msgpackr-extract/msgpackr-extract-darwin-arm64@npm:3.0.4":
  version: 3.0.4
  resolution: "@msgpackr-extract/msgpackr-extract-darwin-arm64@npm:3.0.4"
  conditions: os=darwin & cpu=arm64
  languageName: node
  linkType: hard

"@msgpackr-extract/msgpackr-extract-darwin-x64@npm:3.0.4":
  version: 3.0.4
  resolution: "@msgpackr-extract/msgpackr-extract-darwin-x64@npm:3.0.4"
  conditions: os=darwin & cpu=x64
  languageName: node
  linkType: hard

"@msgpackr-extract/msgpackr-extract-linux-arm64@npm:3.0.4":
  version: 3.0.4
  resolution: "@msgpackr-extract/msgpackr-extract-linux-arm64@npm:3.0.4"
  conditions: os=linux & cpu=arm64
  languageName: node
  linkType: hard

"@msgpackr-extract/msgpackr-extract-linux-arm@npm:3.0.4":
  version: 3.0.4
  resolution: "@msgpackr-extract/msgpackr-extract-linux-arm@npm:3.0.4"
  conditions: os=linux & cpu=arm
  languageName: node
  linkType: hard

"@msgpackr-extract/msgpackr-extract-linux-x64@npm:3.0.4":
  version: 3.0.4
  resolution: "@msgpackr-extract/msgpackr-extract-linux-x64@npm:3.0.4"
  conditions: os=linux & cpu=x64
  languageName: node
  linkType: hard

"@msgpackr-extract/msgpackr-extract-win32-x64@npm:3.0.4":
  version: 3.0.4
  resolution: "@msgpackr-extract/msgpackr-extract-win32-x64@npm:3.0.4"
  conditions: os=win32 & cpu=x64
  languageName: node
  linkType: hard

"abbrev@npm:1":
  version: 1.1.1
  resolution: "abbrev@npm:1.1.1"
  checksum: 10c0/3f762677702acb24f65e813070e306c61fafe25d4b2583f9dfc935131f774863f3addd5741572ed576bd69cabe473c5af18e1e108b829cb7b6b4747884f726e6
  languageName: node
  linkType: hard

"abbrev@npm:^5.0.0":
  version: 5.0.0
  resolution: "abbrev@npm:5.0.0"
  checksum: 10c0/8e88f5c798ea4562d28c5a3e9ad69e3879890bc5d695d8f2dffb8609be4c890aacc8f80ef4553fdd2c6a62d70c2ce8bc57b38074e383beb7487bdafa9ed42ea5
  languageName: node
  linkType: hard

"accepts@npm:^2.0.0":
  version: 2.0.0
  resolution: "accepts@npm:2.0.0"
  dependencies:
    mime-types: "npm:^3.0.0"
    negotiator: "npm:^1.0.0"
  checksum: 10c0/98374742097e140891546076215f90c32644feacf652db48412329de4c2a529178a81aa500fbb13dd3e6cbf6e68d829037b123ac037fc9a08bcec4b87b358eef
  languageName: node
  linkType: hard

"anymatch@npm:~3.1.2":
  version: 3.1.3
  resolution: "anymatch@npm:3.1.3"
  dependencies:
    normalize-path: "npm:^3.0.0"
    picomatch: "npm:^2.0.4"
  checksum: 10c0/57b06ae984bc32a0d22592c87384cd88fe4511b1dd7581497831c56d41939c8a001b28e7b853e1450f2bf61992dfcaa8ae2d0d161a0a90c4fb631ef07098fbac
  languageName: node
  linkType: hard

"balanced-match@npm:^4.0.2":
  version: 4.0.4
  resolution: "balanced-match@npm:4.0.4"
  checksum: 10c0/07e86102a3eb2ee2a6a1a89164f29d0dbaebd28f2ca3f5ca786f36b8b23d9e417eb3be45a4acf754f837be5ac0a2317de90d3fcb7f4f4dc95720a1f36b26a17b
  languageName: node
  linkType: hard

"binary-extensions@npm:^2.0.0":
  version: 2.2.0
  resolution: "binary-extensions@npm:2.2.0"
  checksum: 10c0/d73d8b897238a2d3ffa5f59c0241870043aa7471335e89ea5e1ff48edb7c2d0bb471517a3e4c5c3f4c043615caa2717b5f80a5e61e07503d51dc85cb848e665d
  languageName: node
  linkType: hard

"body-parser@npm:^2.2.1":
  version: 2.2.1
  resolution: "body-parser@npm:2.2.1"
  dependencies:
    bytes: "npm:^3.1.2"
    content-type: "npm:^1.0.5"
    debug: "npm:^4.4.3"
    http-errors: "npm:^2.0.0"
    iconv-lite: "npm:^0.7.0"
    on-finished: "npm:^2.4.1"
    qs: "npm:^6.14.0"
    raw-body: "npm:^3.0.1"
    type-is: "npm:^2.0.1"
  checksum: 10c0/ce9608cff4114a908c09e8f57c7b358cd6fef66100320d01244d4c141448d7a6710c4051cc9d6191f8c6b3c7fa0f5b040c7aa1b6bbeb5462e27e668e64cb15bd
  languageName: node
  linkType: hard

"brace-expansion@npm:^5.0.5":
  version: 5.0.7
  resolution: "brace-expansion@npm:5.0.7"
  dependencies:
    balanced-match: "npm:^4.0.2"
  checksum: 10c0/4769109c3c082de178e449a371bcad50d51ab468f644bce2dd9188efe0cf0a080ed102105d7fc8577382cedc45bad7e6443a91bf3d8102264ee8cf927dbaf205
  languageName: node
  linkType: hard

"braces@npm:~3.0.2":
  version: 3.0.3
  resolution: "braces@npm:3.0.3"
  dependencies:
    fill-range: "npm:^7.1.1"
  checksum: 10c0/7c6dfd30c338d2997ba77500539227b9d1f85e388a5f43220865201e407e076783d0881f2d297b9f80951b4c957fcf0b51c1d2d24227631643c3f7c284b0aa04
  languageName: node
  linkType: hard

"bull-board-express-with-csrf-example@workspace:.":
  version: 0.0.0-use.local
  resolution: "bull-board-express-with-csrf-example@workspace:."
  dependencies:
    "@bull-board/express": "npm:^8.1.2"
    bullmq: "npm:^5.80.9"
    cookie-parser: "npm:^1.4.7"
    csrf-csrf: "npm:^4.0.3"
    express: "npm:^5.2.1"
    nodemon: "npm:^3.1.14"
  languageName: unknown
  linkType: soft

"bullmq@npm:^5.80.9":
  version: 5.80.9
  resolution: "bullmq@npm:5.80.9"
  dependencies:
    cron-parser: "npm:4.9.0"
    ioredis: "npm:5.11.1"
    msgpackr: "npm:2.0.4"
    node-abort-controller: "npm:3.1.1"
    semver: "npm:7.8.5"
    tslib: "npm:2.8.1"
  peerDependencies:
    redis: ">=5.0.0"
  peerDependenciesMeta:
    redis:
      optional: true
  checksum: 10c0/ccd23306b6ca3276e9f51446d7e33b5f6c7a5eff6017e8b91601ad249363c30268bbdcb5051901e834cd512b0d27540174580d69425442c55378851ee033f42e
  languageName: node
  linkType: hard

"bytes@npm:^3.1.2, bytes@npm:~3.1.2":
  version: 3.1.2
  resolution: "bytes@npm:3.1.2"
  checksum: 10c0/76d1c43cbd602794ad8ad2ae94095cddeb1de78c5dddaa7005c51af10b0176c69971a6d88e805a90c2b6550d76636e43c40d8427a808b8645ede885de4a0358e
  languageName: node
  linkType: hard

"call-bind-apply-helpers@npm:^1.0.1, call-bind-apply-helpers@npm:^1.0.2":
  version: 1.0.2
  resolution: "call-bind-apply-helpers@npm:1.0.2"
  dependencies:
    es-errors: "npm:^1.3.0"
    function-bind: "npm:^1.1.2"
  checksum: 10c0/47bd9901d57b857590431243fea704ff18078b16890a6b3e021e12d279bbf211d039155e27d7566b374d49ee1f8189344bac9833dec7a20cdec370506361c938
  languageName: node
  linkType: hard

"call-bound@npm:^1.0.2":
  version: 1.0.4
  resolution: "call-bound@npm:1.0.4"
  dependencies:
    call-bind-apply-helpers: "npm:^1.0.2"
    get-intrinsic: "npm:^1.3.0"
  checksum: 10c0/f4796a6a0941e71c766aea672f63b72bc61234c4f4964dc6d7606e3664c307e7d77845328a8f3359ce39ddb377fed67318f9ee203dea1d47e46165dcf2917644
  languageName: node
  linkType: hard

"chokidar@npm:^3.5.2":
  version: 3.5.3
  resolution: "chokidar@npm:3.5.3"
  dependencies:
    anymatch: "npm:~3.1.2"
    braces: "npm:~3.0.2"
    fsevents: "npm:~2.3.2"
    glob-parent: "npm:~5.1.2"
    is-binary-path: "npm:~2.1.0"
    is-glob: "npm:~4.0.1"
    normalize-path: "npm:~3.0.0"
    readdirp: "npm:~3.6.0"
  dependenciesMeta:
    fsevents:
      optional: true
  checksum: 10c0/1076953093e0707c882a92c66c0f56ba6187831aa51bb4de878c1fec59ae611a3bf02898f190efec8e77a086b8df61c2b2a3ea324642a0558bdf8ee6c5dc9ca1
  languageName: node
  linkType: hard

"chownr@npm:^3.0.0":
  version: 3.0.0
  resolution: "chownr@npm:3.0.0"
  checksum: 10c0/43925b87700f7e3893296c8e9c56cc58f926411cce3a6e5898136daaf08f08b9a8eb76d37d3267e707d0dcc17aed2e2ebdf5848c0c3ce95cf910a919935c1b10
  languageName: node
  linkType: hard

"cluster-key-slot@npm:1.1.1":
  version: 1.1.1
  resolution: "cluster-key-slot@npm:1.1.1"
  checksum: 10c0/079b1ae86b20e2d53308a877b08de5e830722a45c07810569d0dab4955bed569da33ac9f79998289d014adf02cca7223a0647cb0ee6548a12ab3c4f9beac1377
  languageName: node
  linkType: hard

"content-disposition@npm:^1.0.0":
  version: 1.0.1
  resolution: "content-disposition@npm:1.0.1"
  checksum: 10c0/bd7ff1fe8d2542d3a2b9a29428cc3591f6ac27bb5595bba2c69664408a68f9538b14cbd92479796ea835b317a09a527c8c7209c4200381dedb0c34d3b658849e
  languageName: node
  linkType: hard

"content-type@npm:^1.0.5":
  version: 1.0.5
  resolution: "content-type@npm:1.0.5"
  checksum: 10c0/b76ebed15c000aee4678c3707e0860cb6abd4e680a598c0a26e17f0bfae723ec9cc2802f0ff1bc6e4d80603719010431d2231018373d4dde10f9ccff9dadf5af
  languageName: node
  linkType: hard

"cookie-parser@npm:^1.4.7":
  version: 1.4.7
  resolution: "cookie-parser@npm:1.4.7"
  dependencies:
    cookie: "npm:0.7.2"
    cookie-signature: "npm:1.0.6"
  checksum: 10c0/46bef553de409031b69a6074ce512d131a98e4fa12612669f1a9c3dd98d56897a31db86a3f4338d4a3a895c6f8d5cfd6fa4d99cdf588e0e8eda655efc3f384dc
  languageName: node
  linkType: hard

"cookie-signature@npm:1.0.6":
  version: 1.0.6
  resolution: "cookie-signature@npm:1.0.6"
  checksum: 10c0/b36fd0d4e3fef8456915fcf7742e58fbfcc12a17a018e0eb9501c9d5ef6893b596466f03b0564b81af29ff2538fd0aa4b9d54fe5ccbfb4c90ea50ad29fe2d221
  languageName: node
  linkType: hard

"cookie-signature@npm:^1.2.1":
  version: 1.2.2
  resolution: "cookie-signature@npm:1.2.2"
  checksum: 10c0/54e05df1a293b3ce81589b27dddc445f462f6fa6812147c033350cd3561a42bc14481674e05ed14c7bd0ce1e8bb3dc0e40851bad75415733711294ddce0b7bc6
  languageName: node
  linkType: hard

"cookie@npm:0.7.2, cookie@npm:^0.7.1":
  version: 0.7.2
  resolution: "cookie@npm:0.7.2"
  checksum: 10c0/9596e8ccdbf1a3a88ae02cf5ee80c1c50959423e1022e4e60b91dd87c622af1da309253d8abdb258fb5e3eacb4f08e579dc58b4897b8087574eee0fd35dfa5d2
  languageName: node
  linkType: hard

"cron-parser@npm:4.9.0":
  version: 4.9.0
  resolution: "cron-parser@npm:4.9.0"
  dependencies:
    luxon: "npm:^3.2.1"
  checksum: 10c0/348622bdcd1a15695b61fc33af8a60133e5913a85cf99f6344367579e7002896514ba3b0a9d6bb569b02667d6b06836722bf2295fcd101b3de378f71d37bed0b
  languageName: node
  linkType: hard

"csrf-csrf@npm:^4.0.3":
  version: 4.0.3
  resolution: "csrf-csrf@npm:4.0.3"
  dependencies:
    http-errors: "npm:^2.0.0"
  checksum: 10c0/29a73ca1448226233dc48669f9b02b19e27d5e2238af284d72ba938cf8619971fc1dac3a2c5f7d6f1a23f9b0ed0fc9941e1328900c498df63ecea9a6b3b93db5
  languageName: node
  linkType: hard

"debug@npm:4.4.3, debug@npm:^4, debug@npm:^4.3.5, debug@npm:^4.4.0, debug@npm:^4.4.3":
  version: 4.4.3
  resolution: "debug@npm:4.4.3"
  dependencies:
    ms: "npm:^2.1.3"
  peerDependenciesMeta:
    supports-color:
      optional: true
  checksum: 10c0/d79136ec6c83ecbefd0f6a5593da6a9c91ec4d7ddc4b54c883d6e71ec9accb5f67a1a5e96d00a328196b5b5c86d365e98d8a3a70856aaf16b4e7b1985e67f5a6
  languageName: node
  linkType: hard

"denque@npm:2.1.0":
  version: 2.1.0
  resolution: "denque@npm:2.1.0"
  checksum: 10c0/f9ef81aa0af9c6c614a727cb3bd13c5d7db2af1abf9e6352045b86e85873e629690f6222f4edd49d10e4ccf8f078bbeec0794fafaf61b659c0589d0c511ec363
  languageName: node
  linkType: hard

"depd@npm:^2.0.0, depd@npm:~2.0.0":
  version: 2.0.0
  resolution: "depd@npm:2.0.0"
  checksum: 10c0/58bd06ec20e19529b06f7ad07ddab60e504d9e0faca4bd23079fac2d279c3594334d736508dc350e06e510aba5e22e4594483b3a6562ce7c17dd797f4cc4ad2c
  languageName: node
  linkType: hard

"detect-libc@npm:^2.0.1":
  version: 2.1.2
  resolution: "detect-libc@npm:2.1.2"
  checksum: 10c0/acc675c29a5649fa1fb6e255f993b8ee829e510b6b56b0910666949c80c364738833417d0edb5f90e4e46be17228b0f2b66a010513984e18b15deeeac49369c4
  languageName: node
  linkType: hard

"dunder-proto@npm:^1.0.1":
  version: 1.0.1
  resolution: "dunder-proto@npm:1.0.1"
  dependencies:
    call-bind-apply-helpers: "npm:^1.0.1"
    es-errors: "npm:^1.3.0"
    gopd: "npm:^1.2.0"
  checksum: 10c0/199f2a0c1c16593ca0a145dbf76a962f8033ce3129f01284d48c45ed4e14fea9bbacd7b3610b6cdc33486cef20385ac054948fefc6272fcce645c09468f93031
  languageName: node
  linkType: hard

"ee-first@npm:1.1.1":
  version: 1.1.1
  resolution: "ee-first@npm:1.1.1"
  checksum: 10c0/b5bb125ee93161bc16bfe6e56c6b04de5ad2aa44234d8f644813cc95d861a6910903132b05093706de2b706599367c4130eb6d170f6b46895686b95f87d017b7
  languageName: node
  linkType: hard

"ejs@npm:^6.0.1":
  version: 6.0.1
  resolution: "ejs@npm:6.0.1"
  bin:
    ejs: bin/cli.js
  checksum: 10c0/475665efdab9deb01448a0b136129d138483228520138b2fba7991330255e4e1050eae145124c26101ff1ab158bf5f506f19a8dae5996054fc7e76bb94a12ebd
  languageName: node
  linkType: hard

"encodeurl@npm:^2.0.0":
  version: 2.0.0
  resolution: "encodeurl@npm:2.0.0"
  checksum: 10c0/5d317306acb13e6590e28e27924c754163946a2480de11865c991a3a7eed4315cd3fba378b543ca145829569eefe9b899f3d84bb09870f675ae60bc924b01ceb
  languageName: node
  linkType: hard

"env-paths@npm:^2.2.0":
  version: 2.2.1
  resolution: "env-paths@npm:2.2.1"
  checksum: 10c0/285325677bf00e30845e330eec32894f5105529db97496ee3f598478e50f008c5352a41a30e5e72ec9de8a542b5a570b85699cd63bd2bc646dbcb9f311d83bc4
  languageName: node
  linkType: hard

"es-define-property@npm:^1.0.1":
  version: 1.0.1
  resolution: "es-define-property@npm:1.0.1"
  checksum: 10c0/3f54eb49c16c18707949ff25a1456728c883e81259f045003499efba399c08bad00deebf65cccde8c0e07908c1a225c9d472b7107e558f2a48e28d530e34527c
  languageName: node
  linkType: hard

"es-errors@npm:^1.3.0":
  version: 1.3.0
  resolution: "es-errors@npm:1.3.0"
  checksum: 10c0/0a61325670072f98d8ae3b914edab3559b6caa980f08054a3b872052640d91da01d38df55df797fcc916389d77fc92b8d5906cf028f4db46d7e3003abecbca85
  languageName: node
  linkType: hard

"es-object-atoms@npm:^1.0.0, es-object-atoms@npm:^1.1.1":
  version: 1.1.1
  resolution: "es-object-atoms@npm:1.1.1"
  dependencies:
    es-errors: "npm:^1.3.0"
  checksum: 10c0/65364812ca4daf48eb76e2a3b7a89b3f6a2e62a1c420766ce9f692665a29d94fe41fe88b65f24106f449859549711e4b40d9fb8002d862dfd7eb1c512d10be0c
  languageName: node
  linkType: hard

"escape-html@npm:^1.0.3":
  version: 1.0.3
  resolution: "escape-html@npm:1.0.3"
  checksum: 10c0/524c739d776b36c3d29fa08a22e03e8824e3b2fd57500e5e44ecf3cc4707c34c60f9ca0781c0e33d191f2991161504c295e98f68c78fe7baa6e57081ec6ac0a3
  languageName: node
  linkType: hard

"etag@npm:^1.8.1":
  version: 1.8.1
  resolution: "etag@npm:1.8.1"
  checksum: 10c0/12be11ef62fb9817314d790089a0a49fae4e1b50594135dcb8076312b7d7e470884b5100d249b28c18581b7fd52f8b485689ffae22a11ed9ec17377a33a08f84
  languageName: node
  linkType: hard

"exponential-backoff@npm:^3.1.1":
  version: 3.1.3
  resolution: "exponential-backoff@npm:3.1.3"
  checksum: 10c0/77e3ae682b7b1f4972f563c6dbcd2b0d54ac679e62d5d32f3e5085feba20483cf28bd505543f520e287a56d4d55a28d7874299941faf637e779a1aa5994d1267
  languageName: node
  linkType: hard

"express@npm:^5.2.1":
  version: 5.2.1
  resolution: "express@npm:5.2.1"
  dependencies:
    accepts: "npm:^2.0.0"
    body-parser: "npm:^2.2.1"
    content-disposition: "npm:^1.0.0"
    content-type: "npm:^1.0.5"
    cookie: "npm:^0.7.1"
    cookie-signature: "npm:^1.2.1"
    debug: "npm:^4.4.0"
    depd: "npm:^2.0.0"
    encodeurl: "npm:^2.0.0"
    escape-html: "npm:^1.0.3"
    etag: "npm:^1.8.1"
    finalhandler: "npm:^2.1.0"
    fresh: "npm:^2.0.0"
    http-errors: "npm:^2.0.0"
    merge-descriptors: "npm:^2.0.0"
    mime-types: "npm:^3.0.0"
    on-finished: "npm:^2.4.1"
    once: "npm:^1.4.0"
    parseurl: "npm:^1.3.3"
    proxy-addr: "npm:^2.0.7"
    qs: "npm:^6.14.0"
    range-parser: "npm:^1.2.1"
    router: "npm:^2.2.0"
    send: "npm:^1.1.0"
    serve-static: "npm:^2.2.0"
    statuses: "npm:^2.0.1"
    type-is: "npm:^2.0.1"
    vary: "npm:^1.1.2"
  checksum: 10c0/45e8c841ad188a41402ddcd1294901e861ee0819f632fb494f2ed344ef9c43315d294d443fb48d594e6586a3b779785120f43321417adaef8567316a55072949
  languageName: node
  linkType: hard

"fdir@npm:^6.5.0":
  version: 6.5.0
  resolution: "fdir@npm:6.5.0"
  peerDependencies:
    picomatch: ^3 || ^4
  peerDependenciesMeta:
    picomatch:
      optional: true
  checksum: 10c0/e345083c4306b3aed6cb8ec551e26c36bab5c511e99ea4576a16750ddc8d3240e63826cc624f5ae17ad4dc82e68a253213b60d556c11bfad064b7607847ed07f
  languageName: node
  linkType: hard

"fill-range@npm:^7.1.1":
  version: 7.1.1
  resolution: "fill-range@npm:7.1.1"
  dependencies:
    to-regex-range: "npm:^5.0.1"
  checksum: 10c0/b75b691bbe065472f38824f694c2f7449d7f5004aa950426a2c28f0306c60db9b880c0b0e4ed819997ffb882d1da02cfcfc819bddc94d71627f5269682edf018
  languageName: node
  linkType: hard

"finalhandler@npm:^2.1.0":
  version: 2.1.1
  resolution: "finalhandler@npm:2.1.1"
  dependencies:
    debug: "npm:^4.4.0"
    encodeurl: "npm:^2.0.0"
    escape-html: "npm:^1.0.3"
    on-finished: "npm:^2.4.1"
    parseurl: "npm:^1.3.3"
    statuses: "npm:^2.0.1"
  checksum: 10c0/6bd664e21b7b2e79efcaace7d1a427169f61cce048fae68eb56290e6934e676b78e55d89f5998c5508871345bc59a61f47002dc505dc7288be68cceac1b701e2
  languageName: node
  linkType: hard

"forwarded@npm:0.2.0":
  version: 0.2.0
  resolution: "forwarded@npm:0.2.0"
  checksum: 10c0/9b67c3fac86acdbc9ae47ba1ddd5f2f81526fa4c8226863ede5600a3f7c7416ef451f6f1e240a3cc32d0fd79fcfe6beb08fd0da454f360032bde70bf80afbb33
  languageName: node
  linkType: hard

"fresh@npm:^2.0.0":
  version: 2.0.0
  resolution: "fresh@npm:2.0.0"
  checksum: 10c0/0557548194cb9a809a435bf92bcfbc20c89e8b5eb38861b73ced36750437251e39a111fc3a18b98531be9dd91fe1411e4969f229dc579ec0251ce6c5d4900bbc
  languageName: node
  linkType: hard

"fsevents@npm:~2.3.2":
  version: 2.3.3
  resolution: "fsevents@npm:2.3.3"
  dependencies:
    node-gyp: "npm:latest"
  checksum: 10c0/a1f0c44595123ed717febbc478aa952e47adfc28e2092be66b8ab1635147254ca6cfe1df792a8997f22716d4cbafc73309899ff7bfac2ac3ad8cf2e4ecc3ec60
  conditions: os=darwin
  languageName: node
  linkType: hard

"fsevents@patch:fsevents@npm%3A~2.3.2#optional!builtin<compat/fsevents>":
  version: 2.3.3
  resolution: "fsevents@patch:fsevents@npm%3A2.3.3#optional!builtin<compat/fsevents>::version=2.3.3&hash=df0bf1"
  dependencies:
    node-gyp: "npm:latest"
  conditions: os=darwin
  languageName: node
  linkType: hard

"function-bind@npm:^1.1.2":
  version: 1.1.2
  resolution: "function-bind@npm:1.1.2"
  checksum: 10c0/d8680ee1e5fcd4c197e4ac33b2b4dce03c71f4d91717292785703db200f5c21f977c568d28061226f9b5900cbcd2c84463646134fd5337e7925e0942bc3f46d5
  languageName: node
  linkType: hard

"get-intrinsic@npm:^1.2.5, get-intrinsic@npm:^1.3.0":
  version: 1.3.0
  resolution: "get-intrinsic@npm:1.3.0"
  dependencies:
    call-bind-apply-helpers: "npm:^1.0.2"
    es-define-property: "npm:^1.0.1"
    es-errors: "npm:^1.3.0"
    es-object-atoms: "npm:^1.1.1"
    function-bind: "npm:^1.1.2"
    get-proto: "npm:^1.0.1"
    gopd: "npm:^1.2.0"
    has-symbols: "npm:^1.1.0"
    hasown: "npm:^2.0.2"
    math-intrinsics: "npm:^1.1.0"
  checksum: 10c0/52c81808af9a8130f581e6a6a83e1ba4a9f703359e7a438d1369a5267a25412322f03dcbd7c549edaef0b6214a0630a28511d7df0130c93cfd380f4fa0b5b66a
  languageName: node
  linkType: hard

"get-proto@npm:^1.0.1":
  version: 1.0.1
  resolution: "get-proto@npm:1.0.1"
  dependencies:
    dunder-proto: "npm:^1.0.1"
    es-object-atoms: "npm:^1.0.0"
  checksum: 10c0/9224acb44603c5526955e83510b9da41baf6ae73f7398875fba50edc5e944223a89c4a72b070fcd78beb5f7bdda58ecb6294adc28f7acfc0da05f76a2399643c
  languageName: node
  linkType: hard

"glob-parent@npm:~5.1.2":
  version: 5.1.2
  resolution: "glob-parent@npm:5.1.2"
  dependencies:
    is-glob: "npm:^4.0.1"
  checksum: 10c0/cab87638e2112bee3f839ef5f6e0765057163d39c66be8ec1602f3823da4692297ad4e972de876ea17c44d652978638d2fd583c6713d0eb6591706825020c9ee
  languageName: node
  linkType: hard

"gopd@npm:^1.2.0":
  version: 1.2.0
  resolution: "gopd@npm:1.2.0"
  checksum: 10c0/50fff1e04ba2b7737c097358534eacadad1e68d24cccee3272e04e007bed008e68d2614f3987788428fd192a5ae3889d08fb2331417e4fc4a9ab366b2043cead
  languageName: node
  linkType: hard

"graceful-fs@npm:^4.2.6":
  version: 4.2.11
  resolution: "graceful-fs@npm:4.2.11"
  checksum: 10c0/386d011a553e02bc594ac2ca0bd6d9e4c22d7fa8cfbfc448a6d148c59ea881b092db9dbe3547ae4b88e55f1b01f7c4a2ecc53b310c042793e63aa44cf6c257f2
  languageName: node
  linkType: hard

"has-flag@npm:^3.0.0":
  version: 3.0.0
  resolution: "has-flag@npm:3.0.0"
  checksum: 10c0/1c6c83b14b8b1b3c25b0727b8ba3e3b647f99e9e6e13eb7322107261de07a4c1be56fc0d45678fc376e09772a3a1642ccdaf8fc69bdf123b6c086598397ce473
  languageName: node
  linkType: hard

"has-symbols@npm:^1.1.0":
  version: 1.1.0
  resolution: "has-symbols@npm:1.1.0"
  checksum: 10c0/dde0a734b17ae51e84b10986e651c664379018d10b91b6b0e9b293eddb32f0f069688c841fb40f19e9611546130153e0a2a48fd7f512891fb000ddfa36f5a20e
  languageName: node
  linkType: hard

"hasown@npm:^2.0.2":
  version: 2.0.2
  resolution: "hasown@npm:2.0.2"
  dependencies:
    function-bind: "npm:^1.1.2"
  checksum: 10c0/3769d434703b8ac66b209a4cca0737519925bbdb61dd887f93a16372b14694c63ff4e797686d87c90f08168e81082248b9b028bad60d4da9e0d1148766f56eb9
  languageName: node
  linkType: hard

"http-errors@npm:^2.0.0, http-errors@npm:~2.0.1":
  version: 2.0.1
  resolution: "http-errors@npm:2.0.1"
  dependencies:
    depd: "npm:~2.0.0"
    inherits: "npm:~2.0.4"
    setprototypeof: "npm:~1.2.0"
    statuses: "npm:~2.0.2"
    toidentifier: "npm:~1.0.1"
  checksum: 10c0/fb38906cef4f5c83952d97661fe14dc156cb59fe54812a42cd448fa57b5c5dfcb38a40a916957737bd6b87aab257c0648d63eb5b6a9ca9f548e105b6072712d4
  languageName: node
  linkType: hard

"iconv-lite@npm:^0.7.0, iconv-lite@npm:~0.7.0":
  version: 0.7.0
  resolution: "iconv-lite@npm:0.7.0"
  dependencies:
    safer-buffer: "npm:>= 2.1.2 < 3.0.0"
  checksum: 10c0/2382400469071c55b6746c531eed5fa4d033e5db6690b7331fb2a5f59a30d7a9782932e92253db26df33c1cf46fa200a3fbe524a2a7c62037c762283f188ec2f
  languageName: node
  linkType: hard

"ignore-by-default@npm:^1.0.1":
  version: 1.0.1
  resolution: "ignore-by-default@npm:1.0.1"
  checksum: 10c0/9ab6e70e80f7cc12735def7ecb5527cfa56ab4e1152cd64d294522827f2dcf1f6d85531241537dc3713544e88dd888f65cb3c49c7b2cddb9009087c75274e533
  languageName: node
  linkType: hard

"inherits@npm:~2.0.4":
  version: 2.0.4
  resolution: "inherits@npm:2.0.4"
  checksum: 10c0/4e531f648b29039fb7426fb94075e6545faa1eb9fe83c29f0b6d9e7263aceb4289d2d4557db0d428188eeb449cc7c5e77b0a0b2c4e248ff2a65933a0dee49ef2
  languageName: node
  linkType: hard

"ioredis@npm:5.11.1":
  version: 5.11.1
  resolution: "ioredis@npm:5.11.1"
  dependencies:
    "@ioredis/commands": "npm:1.10.0"
    cluster-key-slot: "npm:1.1.1"
    debug: "npm:4.4.3"
    denque: "npm:2.1.0"
    redis-errors: "npm:1.2.0"
    redis-parser: "npm:3.0.0"
    standard-as-callback: "npm:2.1.0"
  checksum: 10c0/a8b27043cf2c045dfc93f40a32ce24cf9f8b57799a37f4234c4b925c365ccf131629590f94a512f546fda2ba8ed034009c94c4933ecd44c50bc166636d929fd6
  languageName: node
  linkType: hard

"ipaddr.js@npm:1.9.1":
  version: 1.9.1
  resolution: "ipaddr.js@npm:1.9.1"
  checksum: 10c0/0486e775047971d3fdb5fb4f063829bac45af299ae0b82dcf3afa2145338e08290563a2a70f34b732d795ecc8311902e541a8530eeb30d75860a78ff4e94ce2a
  languageName: node
  linkType: hard

"is-binary-path@npm:~2.1.0":
  version: 2.1.0
  resolution: "is-binary-path@npm:2.1.0"
  dependencies:
    binary-extensions: "npm:^2.0.0"
  checksum: 10c0/a16eaee59ae2b315ba36fad5c5dcaf8e49c3e27318f8ab8fa3cdb8772bf559c8d1ba750a589c2ccb096113bb64497084361a25960899cb6172a6925ab6123d38
  languageName: node
  linkType: hard

"is-extglob@npm:^2.1.1":
  version: 2.1.1
  resolution: "is-extglob@npm:2.1.1"
  checksum: 10c0/5487da35691fbc339700bbb2730430b07777a3c21b9ebaecb3072512dfd7b4ba78ac2381a87e8d78d20ea08affb3f1971b4af629173a6bf435ff8a4c47747912
  languageName: node
  linkType: hard

"is-glob@npm:^4.0.1, is-glob@npm:~4.0.1":
  version: 4.0.3
  resolution: "is-glob@npm:4.0.3"
  dependencies:
    is-extglob: "npm:^2.1.1"
  checksum: 10c0/17fb4014e22be3bbecea9b2e3a76e9e34ff645466be702f1693e8f1ee1adac84710d0be0bd9f967d6354036fd51ab7c2741d954d6e91dae6bb69714de92c197a
  languageName: node
  linkType: hard

"is-number@npm:^7.0.0":
  version: 7.0.0
  resolution: "is-number@npm:7.0.0"
  checksum: 10c0/b4686d0d3053146095ccd45346461bc8e53b80aeb7671cc52a4de02dbbf7dc0d1d2a986e2fe4ae206984b4d34ef37e8b795ebc4f4295c978373e6575e295d811
  languageName: node
  linkType: hard

"is-promise@npm:^4.0.0":
  version: 4.0.0
  resolution: "is-promise@npm:4.0.0"
  checksum: 10c0/ebd5c672d73db781ab33ccb155fb9969d6028e37414d609b115cc534654c91ccd061821d5b987eefaa97cf4c62f0b909bb2f04db88306de26e91bfe8ddc01503
  languageName: node
  linkType: hard

"isexe@npm:^4.0.0":
  version: 4.0.0
  resolution: "isexe@npm:4.0.0"
  checksum: 10c0/5884815115bceac452877659a9c7726382531592f43dc29e5d48b7c4100661aed54018cb90bd36cb2eaeba521092570769167acbb95c18d39afdccbcca06c5ce
  languageName: node
  linkType: hard

"lodash@npm:^4.17.11":
  version: 4.18.1
  resolution: "lodash@npm:4.18.1"
  checksum: 10c0/757228fc68805c59789e82185135cf85f05d0b2d3d54631d680ca79ec21944ec8314d4533639a14b8bcfbd97a517e78960933041a5af17ecb693ec6eecb99a27
  languageName: node
  linkType: hard

"luxon@npm:^3.2.1":
  version: 3.4.4
  resolution: "luxon@npm:3.4.4"
  checksum: 10c0/02e26a0b039c11fd5b75e1d734c8f0332c95510f6a514a9a0991023e43fb233884da02d7f966823ffb230632a733fc86d4a4b1e63c3fbe00058b8ee0f8c728af
  languageName: node
  linkType: hard

"math-intrinsics@npm:^1.1.0":
  version: 1.1.0
  resolution: "math-intrinsics@npm:1.1.0"
  checksum: 10c0/7579ff94e899e2f76ab64491d76cf606274c874d8f2af4a442c016bd85688927fcfca157ba6bf74b08e9439dc010b248ce05b96cc7c126a354c3bae7fcb48b7f
  languageName: node
  linkType: hard

"media-typer@npm:^1.1.0":
  version: 1.1.0
  resolution: "media-typer@npm:1.1.0"
  checksum: 10c0/7b4baa40b25964bb90e2121ee489ec38642127e48d0cc2b6baa442688d3fde6262bfdca86d6bbf6ba708784afcac168c06840c71facac70e390f5f759ac121b9
  languageName: node
  linkType: hard

"merge-descriptors@npm:^2.0.0":
  version: 2.0.0
  resolution: "merge-descriptors@npm:2.0.0"
  checksum: 10c0/95389b7ced3f9b36fbdcf32eb946dc3dd1774c2fdf164609e55b18d03aa499b12bd3aae3a76c1c7185b96279e9803525550d3eb292b5224866060a288f335cb3
  languageName: node
  linkType: hard

"mime-db@npm:^1.54.0":
  version: 1.54.0
  resolution: "mime-db@npm:1.54.0"
  checksum: 10c0/8d907917bc2a90fa2df842cdf5dfeaf509adc15fe0531e07bb2f6ab15992416479015828d6a74200041c492e42cce3ebf78e5ce714388a0a538ea9c53eece284
  languageName: node
  linkType: hard

"mime-types@npm:^3.0.0, mime-types@npm:^3.0.1":
  version: 3.0.2
  resolution: "mime-types@npm:3.0.2"
  dependencies:
    mime-db: "npm:^1.54.0"
  checksum: 10c0/35a0dd1035d14d185664f346efcdb72e93ef7a9b6e9ae808bd1f6358227010267fab52657b37562c80fc888ff76becb2b2938deb5e730818b7983bf8bd359767
  languageName: node
  linkType: hard

"minimatch@npm:^10.2.1":
  version: 10.2.5
  resolution: "minimatch@npm:10.2.5"
  dependencies:
    brace-expansion: "npm:^5.0.5"
  checksum: 10c0/6bb058bd6324104b9ec2f763476a35386d05079c1f5fe4fbf1f324a25237cd4534d6813ecd71f48208f4e635c1221899bef94c3c89f7df55698fe373aaae20fd
  languageName: node
  linkType: hard

"minipass@npm:^7.0.4, minipass@npm:^7.1.2":
  version: 7.1.3
  resolution: "minipass@npm:7.1.3"
  checksum: 10c0/539da88daca16533211ea5a9ee98dc62ff5742f531f54640dd34429e621955e91cc280a91a776026264b7f9f6735947629f920944e9c1558369e8bf22eb33fbb
  languageName: node
  linkType: hard

"minizlib@npm:^3.1.0":
  version: 3.1.0
  resolution: "minizlib@npm:3.1.0"
  dependencies:
    minipass: "npm:^7.1.2"
  checksum: 10c0/5aad75ab0090b8266069c9aabe582c021ae53eb33c6c691054a13a45db3b4f91a7fb1bd79151e6b4e9e9a86727b522527c0a06ec7d45206b745d54cd3097bcec
  languageName: node
  linkType: hard

"ms@npm:^2.1.3":
  version: 2.1.3
  resolution: "ms@npm:2.1.3"
  checksum: 10c0/d924b57e7312b3b63ad21fc5b3dc0af5e78d61a1fc7cfb5457edaf26326bf62be5307cc87ffb6862ef1c2b33b0233cdb5d4f01c4c958cc0d660948b65a287a48
  languageName: node
  linkType: hard

"msgpackr-extract@npm:^3.0.4":
  version: 3.0.4
  resolution: "msgpackr-extract@npm:3.0.4"
  dependencies:
    "@msgpackr-extract/msgpackr-extract-darwin-arm64": "npm:3.0.4"
    "@msgpackr-extract/msgpackr-extract-darwin-x64": "npm:3.0.4"
    "@msgpackr-extract/msgpackr-extract-linux-arm": "npm:3.0.4"
    "@msgpackr-extract/msgpackr-extract-linux-arm64": "npm:3.0.4"
    "@msgpackr-extract/msgpackr-extract-linux-x64": "npm:3.0.4"
    "@msgpackr-extract/msgpackr-extract-win32-x64": "npm:3.0.4"
    node-gyp: "npm:latest"
    node-gyp-build-optional-packages: "npm:5.2.2"
  dependenciesMeta:
    "@msgpackr-extract/msgpackr-extract-darwin-arm64":
      optional: true
    "@msgpackr-extract/msgpackr-extract-darwin-x64":
      optional: true
    "@msgpackr-extract/msgpackr-extract-linux-arm":
      optional: true
    "@msgpackr-extract/msgpackr-extract-linux-arm64":
      optional: true
    "@msgpackr-extract/msgpackr-extract-linux-x64":
      optional: true
    "@msgpackr-extract/msgpackr-extract-win32-x64":
      optional: true
  bin:
    download-msgpackr-prebuilds: bin/download-prebuilds.js
  checksum: 10c0/582a9d17abbf3019e600e948736695056280ce401fd0235ee2474e95f9952208b9f6cce4d0e355b03b7d3c5630e6c3d11fe5fc27fdedb2311cce48de464338d8
  languageName: node
  linkType: hard

"msgpackr@npm:2.0.4":
  version: 2.0.4
  resolution: "msgpackr@npm:2.0.4"
  dependencies:
    msgpackr-extract: "npm:^3.0.4"
  dependenciesMeta:
    msgpackr-extract:
      optional: true
  checksum: 10c0/b72e8de59ce82a29cd5ca6d93ceec589367dd742a75fb04b6d26d6e0c5863f1000d0b27979469f18ca4554f3ccabe620524013268d5387415bcab495cca4ae73
  languageName: node
  linkType: hard

"negotiator@npm:^1.0.0":
  version: 1.0.0
  resolution: "negotiator@npm:1.0.0"
  checksum: 10c0/4c559dd52669ea48e1914f9d634227c561221dd54734070791f999c52ed0ff36e437b2e07d5c1f6e32909fc625fe46491c16e4a8f0572567d4dd15c3a4fda04b
  languageName: node
  linkType: hard

"node-abort-controller@npm:3.1.1":
  version: 3.1.1
  resolution: "node-abort-controller@npm:3.1.1"
  checksum: 10c0/f7ad0e7a8e33809d4f3a0d1d65036a711c39e9d23e0319d80ebe076b9a3b4432b4d6b86a7fab65521de3f6872ffed36fc35d1327487c48eb88c517803403eda3
  languageName: node
  linkType: hard

"node-gyp-build-optional-packages@npm:5.2.2":
  version: 5.2.2
  resolution: "node-gyp-build-optional-packages@npm:5.2.2"
  dependencies:
    detect-libc: "npm:^2.0.1"
  bin:
    node-gyp-build-optional-packages: bin.js
    node-gyp-build-optional-packages-optional: optional.js
    node-gyp-build-optional-packages-test: build-test.js
  checksum: 10c0/c81128c6f91873381be178c5eddcbdf66a148a6a89a427ce2bcd457593ce69baf2a8662b6d22cac092d24aa9c43c230dec4e69b3a0da604503f4777cd77e282b
  languageName: node
  linkType: hard

"node-gyp@npm:latest":
  version: 13.0.1
  resolution: "node-gyp@npm:13.0.1"
  dependencies:
    env-paths: "npm:^2.2.0"
    exponential-backoff: "npm:^3.1.1"
    graceful-fs: "npm:^4.2.6"
    nopt: "npm:^10.0.0"
    proc-log: "npm:^7.0.0"
    semver: "npm:^7.3.5"
    tar: "npm:^7.5.4"
    tinyglobby: "npm:^0.2.12"
    undici: "npm:^8.4.1"
    which: "npm:^7.0.0"
  bin:
    node-gyp: bin/node-gyp.js
  checksum: 10c0/424077bc9e9bbe953a8e86db473ba818cbc6a121714008c977fd589e21e5f0c811fbf22faac730dc7182450b5e52df301811d01ae3373898658d999b7710f4e6
  languageName: node
  linkType: hard

"nodemon@npm:^3.1.14":
  version: 3.1.14
  resolution: "nodemon@npm:3.1.14"
  dependencies:
    chokidar: "npm:^3.5.2"
    debug: "npm:^4"
    ignore-by-default: "npm:^1.0.1"
    minimatch: "npm:^10.2.1"
    pstree.remy: "npm:^1.1.8"
    semver: "npm:^7.5.3"
    simple-update-notifier: "npm:^2.0.0"
    supports-color: "npm:^5.5.0"
    touch: "npm:^3.1.0"
    undefsafe: "npm:^2.0.5"
  bin:
    nodemon: bin/nodemon.js
  checksum: 10c0/074f2056051a148ad11cda0d6c3f905bdef93a878792385f16e1dff0c63dcf07f23ebe1ab3763dca7314d0266e12129f066070545d817a205ee050a22eff50b0
  languageName: node
  linkType: hard

"nopt@npm:^10.0.0":
  version: 10.0.1
  resolution: "nopt@npm:10.0.1"
  dependencies:
    abbrev: "npm:^5.0.0"
  bin:
    nopt: bin/nopt.js
  checksum: 10c0/980d89257f9587f3e1f77877ddbf905d6aa3b738ec33e49a4fa1a059a0dd82eb28063982b150654a7ae9de386f2ead60e56172db7d37cf56de545f7392a2a26a
  languageName: node
  linkType: hard

"nopt@npm:~1.0.10":
  version: 1.0.10
  resolution: "nopt@npm:1.0.10"
  dependencies:
    abbrev: "npm:1"
  bin:
    nopt: ./bin/nopt.js
  checksum: 10c0/ddfbd892116a125fd68849ef564dd5b1f0a5ba0dbbf18782e9499e2efad8f4d3790635b47c6b5d3f7e014069e7b3ce5b8112687e9ae093fcd2678188c866fe28
  languageName: node
  linkType: hard

"normalize-path@npm:^3.0.0, normalize-path@npm:~3.0.0":
  version: 3.0.0
  resolution: "normalize-path@npm:3.0.0"
  checksum: 10c0/e008c8142bcc335b5e38cf0d63cfd39d6cf2d97480af9abdbe9a439221fd4d749763bab492a8ee708ce7a194bb00c9da6d0a115018672310850489137b3da046
  languageName: node
  linkType: hard

"object-inspect@npm:^1.13.3, object-inspect@npm:^1.13.4":
  version: 1.13.4
  resolution: "object-inspect@npm:1.13.4"
  checksum: 10c0/d7f8711e803b96ea3191c745d6f8056ce1f2496e530e6a19a0e92d89b0fa3c76d910c31f0aa270432db6bd3b2f85500a376a83aaba849a8d518c8845b3211692
  languageName: node
  linkType: hard

"on-finished@npm:^2.4.1":
  version: 2.4.1
  resolution: "on-finished@npm:2.4.1"
  dependencies:
    ee-first: "npm:1.1.1"
  checksum: 10c0/46fb11b9063782f2d9968863d9cbba33d77aa13c17f895f56129c274318b86500b22af3a160fe9995aa41317efcd22941b6eba747f718ced08d9a73afdb087b4
  languageName: node
  linkType: hard

"once@npm:^1.4.0":
  version: 1.4.0
  resolution: "once@npm:1.4.0"
  dependencies:
    wrappy: "npm:1"
  checksum: 10c0/5d48aca287dfefabd756621c5dfce5c91a549a93e9fdb7b8246bc4c4790aa2ec17b34a260530474635147aeb631a2dcc8b32c613df0675f96041cbb8244517d0
  languageName: node
  linkType: hard

"parseurl@npm:^1.3.3":
  version: 1.3.3
  resolution: "parseurl@npm:1.3.3"
  checksum: 10c0/90dd4760d6f6174adb9f20cf0965ae12e23879b5f5464f38e92fce8073354341e4b3b76fa3d878351efe7d01e617121955284cfd002ab087fba1a0726ec0b4f5
  languageName: node
  linkType: hard

"path-to-regexp@npm:^8.0.0":
  version: 8.4.2
  resolution: "path-to-regexp@npm:8.4.2"
  checksum: 10c0/05b115c49b47ad252ce05faa32930f643f23769c68b8bcfe78ad833545140c48bbffb3266986d6c8d5db13a64cf12e07e0d72d9882cab830efeefa553533ebaf
  languageName: node
  linkType: hard

"picomatch@npm:^2.0.4, picomatch@npm:^2.2.1":
  version: 2.3.2
  resolution: "picomatch@npm:2.3.2"
  checksum: 10c0/a554d1709e59be97d1acb9eaedbbc700a5c03dbd4579807baed95100b00420bc729335440ef15004ae2378984e2487a7c1cebd743cfdb72b6fa9ab69223c0d61
  languageName: node
  linkType: hard

"picomatch@npm:^4.0.4":
  version: 4.0.5
  resolution: "picomatch@npm:4.0.5"
  checksum: 10c0/947bc6b6e1ff1e6c5aaf95b107a0839d12802f4f7b867663f67d47accba939ca1cb582cf99dfc30438efa1c4648ac5990967e783e8929c36b03e8440704ef1bd
  languageName: node
  linkType: hard

"proc-log@npm:^7.0.0":
  version: 7.0.0
  resolution: "proc-log@npm:7.0.0"
  checksum: 10c0/b89c2d862604f35fec795477b0c7e376feab3ba0d4f4d291c4e959567442697cf451ac557d0623c1cc38af45a78128b983410f397a10c5d3a67f76c33de4754b
  languageName: node
  linkType: hard

"proxy-addr@npm:^2.0.7":
  version: 2.0.7
  resolution: "proxy-addr@npm:2.0.7"
  dependencies:
    forwarded: "npm:0.2.0"
    ipaddr.js: "npm:1.9.1"
  checksum: 10c0/c3eed999781a35f7fd935f398b6d8920b6fb00bbc14287bc6de78128ccc1a02c89b95b56742bf7cf0362cc333c61d138532049c7dedc7a328ef13343eff81210
  languageName: node
  linkType: hard

"pstree.remy@npm:^1.1.8":
  version: 1.1.8
  resolution: "pstree.remy@npm:1.1.8"
  checksum: 10c0/30f78c88ce6393cb3f7834216cb6e282eb83c92ccb227430d4590298ab2811bc4a4745f850a27c5178e79a8f3e316591de0fec87abc19da648c2b3c6eb766d14
  languageName: node
  linkType: hard

"qs@npm:^6.14.0":
  version: 6.15.3
  resolution: "qs@npm:6.15.3"
  dependencies:
    es-define-property: "npm:^1.0.1"
    side-channel: "npm:^1.1.1"
  checksum: 10c0/8f3f6e45ece255347d57696628401cde29e9ec649fff698b53bd3150dea7cefdf33036e1bc1826b9f110bfa7cb0ec4ab9f5297eca628ce216c55af82c304e08e
  languageName: node
  linkType: hard

"range-parser@npm:^1.2.1":
  version: 1.2.1
  resolution: "range-parser@npm:1.2.1"
  checksum: 10c0/96c032ac2475c8027b7a4e9fe22dc0dfe0f6d90b85e496e0f016fbdb99d6d066de0112e680805075bd989905e2123b3b3d002765149294dce0c1f7f01fcc2ea0
  languageName: node
  linkType: hard

"raw-body@npm:^3.0.1":
  version: 3.0.2
  resolution: "raw-body@npm:3.0.2"
  dependencies:
    bytes: "npm:~3.1.2"
    http-errors: "npm:~2.0.1"
    iconv-lite: "npm:~0.7.0"
    unpipe: "npm:~1.0.0"
  checksum: 10c0/d266678d08e1e7abea62c0ce5864344e980fa81c64f6b481e9842c5beaed2cdcf975f658a3ccd67ad35fc919c1f6664ccc106067801850286a6cbe101de89f29
  languageName: node
  linkType: hard

"readdirp@npm:~3.6.0":
  version: 3.6.0
  resolution: "readdirp@npm:3.6.0"
  dependencies:
    picomatch: "npm:^2.2.1"
  checksum: 10c0/6fa848cf63d1b82ab4e985f4cf72bd55b7dcfd8e0a376905804e48c3634b7e749170940ba77b32804d5fe93b3cc521aa95a8d7e7d725f830da6d93f3669ce66b
  languageName: node
  linkType: hard

"redis-errors@npm:1.2.0, redis-errors@npm:^1.0.0":
  version: 1.2.0
  resolution: "redis-errors@npm:1.2.0"
  checksum: 10c0/5b316736e9f532d91a35bff631335137a4f974927bb2fb42bf8c2f18879173a211787db8ac4c3fde8f75ed6233eb0888e55d52510b5620e30d69d7d719c8b8a7
  languageName: node
  linkType: hard

"redis-info@npm:^3.1.0":
  version: 3.1.0
  resolution: "redis-info@npm:3.1.0"
  dependencies:
    lodash: "npm:^4.17.11"
  checksum: 10c0/ec0f31d97893c5828cec7166486d74198c92160c60073b6f2fe805cdf575a10ddcccc7641737d44b8f451355f0ab5b6c7b0d79e8fc24742b75dd625f91ffee38
  languageName: node
  linkType: hard

"redis-parser@npm:3.0.0":
  version: 3.0.0
  resolution: "redis-parser@npm:3.0.0"
  dependencies:
    redis-errors: "npm:^1.0.0"
  checksum: 10c0/ee16ac4c7b2a60b1f42a2cdaee22b005bd4453eb2d0588b8a4939718997ae269da717434da5d570fe0b05030466eeb3f902a58cf2e8e1ca058bf6c9c596f632f
  languageName: node
  linkType: hard

"router@npm:^2.2.0":
  version: 2.2.0
  resolution: "router@npm:2.2.0"
  dependencies:
    debug: "npm:^4.4.0"
    depd: "npm:^2.0.0"
    is-promise: "npm:^4.0.0"
    parseurl: "npm:^1.3.3"
    path-to-regexp: "npm:^8.0.0"
  checksum: 10c0/3279de7450c8eae2f6e095e9edacbdeec0abb5cb7249c6e719faa0db2dba43574b4fff5892d9220631c9abaff52dd3cad648cfea2aaace845e1a071915ac8867
  languageName: node
  linkType: hard

"safer-buffer@npm:>= 2.1.2 < 3.0.0":
  version: 2.1.2
  resolution: "safer-buffer@npm:2.1.2"
  checksum: 10c0/7e3c8b2e88a1841c9671094bbaeebd94448111dd90a81a1f606f3f67708a6ec57763b3b47f06da09fc6054193e0e6709e77325415dc8422b04497a8070fa02d4
  languageName: node
  linkType: hard

"semver@npm:7.8.5, semver@npm:^7.3.5, semver@npm:^7.5.3":
  version: 7.8.5
  resolution: "semver@npm:7.8.5"
  bin:
    semver: bin/semver.js
  checksum: 10c0/b1f3127a5be8125a94f37188b361c212466c292c6910adce3ec106cff5dc211ccaedc4739c11bb70fda59d6fc1f040a9bca289f4e093451521a2372e5231fe0c
  languageName: node
  linkType: hard

"send@npm:^1.1.0, send@npm:^1.2.0":
  version: 1.2.0
  resolution: "send@npm:1.2.0"
  dependencies:
    debug: "npm:^4.3.5"
    encodeurl: "npm:^2.0.0"
    escape-html: "npm:^1.0.3"
    etag: "npm:^1.8.1"
    fresh: "npm:^2.0.0"
    http-errors: "npm:^2.0.0"
    mime-types: "npm:^3.0.1"
    ms: "npm:^2.1.3"
    on-finished: "npm:^2.4.1"
    range-parser: "npm:^1.2.1"
    statuses: "npm:^2.0.1"
  checksum: 10c0/531bcfb5616948d3468d95a1fd0adaeb0c20818ba4a500f439b800ca2117971489e02074ce32796fd64a6772ea3e7235fe0583d8241dbd37a053dc3378eff9a5
  languageName: node
  linkType: hard

"serve-static@npm:^2.2.0":
  version: 2.2.0
  resolution: "serve-static@npm:2.2.0"
  dependencies:
    encodeurl: "npm:^2.0.0"
    escape-html: "npm:^1.0.3"
    parseurl: "npm:^1.3.3"
    send: "npm:^1.2.0"
  checksum: 10c0/30e2ed1dbff1984836cfd0c65abf5d3f3f83bcd696c99d2d3c97edbd4e2a3ff4d3f87108a7d713640d290a7b6fe6c15ddcbc61165ab2eaad48ea8d3b52c7f913
  languageName: node
  linkType: hard

"setprototypeof@npm:~1.2.0":
  version: 1.2.0
  resolution: "setprototypeof@npm:1.2.0"
  checksum: 10c0/68733173026766fa0d9ecaeb07f0483f4c2dc70ca376b3b7c40b7cda909f94b0918f6c5ad5ce27a9160bdfb475efaa9d5e705a11d8eaae18f9835d20976028bc
  languageName: node
  linkType: hard

"side-channel-list@npm:^1.0.1":
  version: 1.0.1
  resolution: "side-channel-list@npm:1.0.1"
  dependencies:
    es-errors: "npm:^1.3.0"
    object-inspect: "npm:^1.13.4"
  checksum: 10c0/d346c787fd2f9f1c2fdea14f00e8250118db0e7596d85a6cb9faa75f105d31a73a8f7a341c93d7df2a2429098c3d37a77bd3be9e88c37094b8c01807bc77c7a2
  languageName: node
  linkType: hard

"side-channel-map@npm:^1.0.1":
  version: 1.0.1
  resolution: "side-channel-map@npm:1.0.1"
  dependencies:
    call-bound: "npm:^1.0.2"
    es-errors: "npm:^1.3.0"
    get-intrinsic: "npm:^1.2.5"
    object-inspect: "npm:^1.13.3"
  checksum: 10c0/010584e6444dd8a20b85bc926d934424bd809e1a3af941cace229f7fdcb751aada0fb7164f60c2e22292b7fa3c0ff0bce237081fd4cdbc80de1dc68e95430672
  languageName: node
  linkType: hard

"side-channel-weakmap@npm:^1.0.2":
  version: 1.0.2
  resolution: "side-channel-weakmap@npm:1.0.2"
  dependencies:
    call-bound: "npm:^1.0.2"
    es-errors: "npm:^1.3.0"
    get-intrinsic: "npm:^1.2.5"
    object-inspect: "npm:^1.13.3"
    side-channel-map: "npm:^1.0.1"
  checksum: 10c0/71362709ac233e08807ccd980101c3e2d7efe849edc51455030327b059f6c4d292c237f94dc0685031dd11c07dd17a68afde235d6cf2102d949567f98ab58185
  languageName: node
  linkType: hard

"side-channel@npm:^1.1.1":
  version: 1.1.1
  resolution: "side-channel@npm:1.1.1"
  dependencies:
    es-errors: "npm:^1.3.0"
    object-inspect: "npm:^1.13.4"
    side-channel-list: "npm:^1.0.1"
    side-channel-map: "npm:^1.0.1"
    side-channel-weakmap: "npm:^1.0.2"
  checksum: 10c0/dc0ab81d67f61bda9247d053ce93f41c3fd8ad2bdcb9cf9d8d2f8540d488f26d87a5e99ebfc07eea49ec025867b2452b705442d974b1478f0395e69f6bfb3270
  languageName: node
  linkType: hard

"simple-update-notifier@npm:^2.0.0":
  version: 2.0.0
  resolution: "simple-update-notifier@npm:2.0.0"
  dependencies:
    semver: "npm:^7.5.3"
  checksum: 10c0/2a00bd03bfbcbf8a737c47ab230d7920f8bfb92d1159d421bdd194479f6d01ebc995d13fbe13d45dace23066a78a3dc6642999b4e3b38b847e6664191575b20c
  languageName: node
  linkType: hard

"standard-as-callback@npm:2.1.0":
  version: 2.1.0
  resolution: "standard-as-callback@npm:2.1.0"
  checksum: 10c0/012677236e3d3fdc5689d29e64ea8a599331c4babe86956bf92fc5e127d53f85411c5536ee0079c52c43beb0026b5ce7aa1d834dd35dd026e82a15d1bcaead1f
  languageName: node
  linkType: hard

"statuses@npm:^2.0.1, statuses@npm:~2.0.2":
  version: 2.0.2
  resolution: "statuses@npm:2.0.2"
  checksum: 10c0/a9947d98ad60d01f6b26727570f3bcceb6c8fa789da64fe6889908fe2e294d57503b14bf2b5af7605c2d36647259e856635cd4c49eab41667658ec9d0080ec3f
  languageName: node
  linkType: hard

"supports-color@npm:^5.5.0":
  version: 5.5.0
  resolution: "supports-color@npm:5.5.0"
  dependencies:
    has-flag: "npm:^3.0.0"
  checksum: 10c0/6ae5ff319bfbb021f8a86da8ea1f8db52fac8bd4d499492e30ec17095b58af11f0c55f8577390a749b1c4dde691b6a0315dab78f5f54c9b3d83f8fb5905c1c05
  languageName: node
  linkType: hard

"tar@npm:^7.5.4":
  version: 7.5.20
  resolution: "tar@npm:7.5.20"
  dependencies:
    "@isaacs/fs-minipass": "npm:^4.0.0"
    chownr: "npm:^3.0.0"
    minipass: "npm:^7.1.2"
    minizlib: "npm:^3.1.0"
    yallist: "npm:^5.0.0"
  checksum: 10c0/4df4335c6d958b76adf1eaced55889dec3ca1c51f450658a074af80694bb0d9c154a8e93fdf4da617372d1575b121295379993961bbe4cd4b0867c0e5689846a
  languageName: node
  linkType: hard

"tinyglobby@npm:^0.2.12":
  version: 0.2.17
  resolution: "tinyglobby@npm:0.2.17"
  dependencies:
    fdir: "npm:^6.5.0"
    picomatch: "npm:^4.0.4"
  checksum: 10c0/7f7bb0f197c88bc4b20c231e0deca4240ca3bf313a88f5a7fee93a872b84966a4d50220947c0455ad07a60b3b360961c5b7fd979222aeb716a9f99b412002e4c
  languageName: node
  linkType: hard

"to-regex-range@npm:^5.0.1":
  version: 5.0.1
  resolution: "to-regex-range@npm:5.0.1"
  dependencies:
    is-number: "npm:^7.0.0"
  checksum: 10c0/487988b0a19c654ff3e1961b87f471702e708fa8a8dd02a298ef16da7206692e8552a0250e8b3e8759270f62e9d8314616f6da274734d3b558b1fc7b7724e892
  languageName: node
  linkType: hard

"toidentifier@npm:~1.0.1":
  version: 1.0.1
  resolution: "toidentifier@npm:1.0.1"
  checksum: 10c0/93937279934bd66cc3270016dd8d0afec14fb7c94a05c72dc57321f8bd1fa97e5bea6d1f7c89e728d077ca31ea125b78320a616a6c6cd0e6b9cb94cb864381c1
  languageName: node
  linkType: hard

"touch@npm:^3.1.0":
  version: 3.1.0
  resolution: "touch@npm:3.1.0"
  dependencies:
    nopt: "npm:~1.0.10"
  bin:
    nodetouch: ./bin/nodetouch.js
  checksum: 10c0/dacb4a639401b83b0a40b56c0565e01096e5ecf38b22a4840d9eeb642a5bea136c6a119e4543f9b172349a5ee343b10cda0880eb47f7d7ddfd6eac59dcf53244
  languageName: node
  linkType: hard

"tslib@npm:2.8.1":
  version: 2.8.1
  resolution: "tslib@npm:2.8.1"
  checksum: 10c0/9c4759110a19c53f992d9aae23aac5ced636e99887b51b9e61def52611732872ff7668757d4e4c61f19691e36f4da981cd9485e869b4a7408d689f6bf1f14e62
  languageName: node
  linkType: hard

"type-is@npm:^2.0.1":
  version: 2.0.1
  resolution: "type-is@npm:2.0.1"
  dependencies:
    content-type: "npm:^1.0.5"
    media-typer: "npm:^1.1.0"
    mime-types: "npm:^3.0.0"
  checksum: 10c0/7f7ec0a060b16880bdad36824ab37c26019454b67d73e8a465ed5a3587440fbe158bc765f0da68344498235c877e7dbbb1600beccc94628ed05599d667951b99
  languageName: node
  linkType: hard

"undefsafe@npm:^2.0.5":
  version: 2.0.5
  resolution: "undefsafe@npm:2.0.5"
  checksum: 10c0/96c0466a5fbf395917974a921d5d4eee67bca4b30d3a31ce7e621e0228c479cf893e783a109af6e14329b52fe2f0cb4108665fad2b87b0018c0df6ac771261d5
  languageName: node
  linkType: hard

"undici@npm:^8.4.1":
  version: 8.7.0
  resolution: "undici@npm:8.7.0"
  checksum: 10c0/b7e5ecb4de82fa4f905011a77544fe7ba4da06f27167ff99313a7ae2869f3cb233d676dcd085533bc69f36989bc40871f5ae6ea6e4c9b91db92616b9e91b579d
  languageName: node
  linkType: hard

"unpipe@npm:~1.0.0":
  version: 1.0.0
  resolution: "unpipe@npm:1.0.0"
  checksum: 10c0/193400255bd48968e5c5383730344fbb4fa114cdedfab26e329e50dd2d81b134244bb8a72c6ac1b10ab0281a58b363d06405632c9d49ca9dfd5e90cbd7d0f32c
  languageName: node
  linkType: hard

"vary@npm:^1.1.2":
  version: 1.1.2
  resolution: "vary@npm:1.1.2"
  checksum: 10c0/f15d588d79f3675135ba783c91a4083dcd290a2a5be9fcb6514220a1634e23df116847b1cc51f66bfb0644cf9353b2abb7815ae499bab06e46dd33c1a6bf1f4f
  languageName: node
  linkType: hard

"which@npm:^7.0.0":
  version: 7.0.0
  resolution: "which@npm:7.0.0"
  dependencies:
    isexe: "npm:^4.0.0"
  bin:
    node-which: bin/which.js
  checksum: 10c0/ca0b54f198f78bbc4b7c02e34bda8d335cb352e0adb4cbca1c37b1a957af3a879a82c4c27ca6525bc942f548d8b64f816ef6528360af9f3de55ffb9b979b620d
  languageName: node
  linkType: hard

"wrappy@npm:1":
  version: 1.0.2
  resolution: "wrappy@npm:1.0.2"
  checksum: 10c0/56fece1a4018c6a6c8e28fbc88c87e0fbf4ea8fd64fc6c63b18f4acc4bd13e0ad2515189786dd2c30d3eec9663d70f4ecf699330002f8ccb547e4a18231fc9f0
  languageName: node
  linkType: hard

"yallist@npm:^5.0.0":
  version: 5.0.0
  resolution: "yallist@npm:5.0.0"
  checksum: 10c0/a499c81ce6d4a1d260d4ea0f6d49ab4da09681e32c3f0472dee16667ed69d01dae63a3b81745a24bd78476ec4fcf856114cb4896ace738e01da34b2c42235416
  languageName: node
  linkType: hard
